// !$*UTF8*$!
{
	archiveVersion = 1;
	classes = {
	};
	objectVersion = 50;
	objects = {

/* Begin PBXBuildFile section */
		DB45A606259118C000F78EBC /* BaseClass.swift in Sources */ = {isa = PBXBuildFile; fileRef = DB45A605259118C000F78EBC /* BaseClass.swift */; };
		DB45A61525911B0B00F78EBC /* CommonMethods.swift in Sources */ = {isa = PBXBuildFile; fileRef = DB45A61425911B0B00F78EBC /* CommonMethods.swift */; };
		DB45A62925912A4900F78EBC /* StringExtensions.swift in Sources */ = {isa = PBXBuildFile; fileRef = DB45A62825912A4900F78EBC /* StringExtensions.swift */; };
		DB45A63E259147A200F78EBC /* ViewExtension.swift in Sources */ = {isa = PBXBuildFile; fileRef = DB45A63D259147A200F78EBC /* ViewExtension.swift */; };
		DB5F697F258949BC00093B7C /* SceneDelegate.swift in Sources */ = {isa = PBXBuildFile; fileRef = DB5F697E258949BC00093B7C /* SceneDelegate.swift */; };
		DB5F6984258949BC00093B7C /* Main.storyboard in Resources */ = {isa = PBXBuildFile; fileRef = DB5F6982258949BC00093B7C /* Main.storyboard */; };
		DB5F6986258949BF00093B7C /* Assets.xcassets in Resources */ = {isa = PBXBuildFile; fileRef = DB5F6985258949BF00093B7C /* Assets.xcassets */; };
		DB5F6989258949BF00093B7C /* LaunchScreen.storyboard in Resources */ = {isa = PBXBuildFile; fileRef = DB5F6987258949BF00093B7C /* LaunchScreen.storyboard */; };
		DB5F6994258949C000093B7C /* FaceAppTests.swift in Sources */ = {isa = PBXBuildFile; fileRef = DB5F6993258949C000093B7C /* FaceAppTests.swift */; };
		DB5F699F258949C000093B7C /* FaceAppUITests.swift in Sources */ = {isa = PBXBuildFile; fileRef = DB5F699E258949C000093B7C /* FaceAppUITests.swift */; };
		DB5F69CE25894BDB00093B7C /* AppDelegate.swift in Sources */ = {isa = PBXBuildFile; fileRef = DB5F69CD25894BDB00093B7C /* AppDelegate.swift */; };
		DB5F69DC25895A7800093B7C /* Constants.swift in Sources */ = {isa = PBXBuildFile; fileRef = DB5F69DB25895A7800093B7C /* Constants.swift */; };
		DB5F69E425895C3300093B7C /* WelcomeVC.swift in Sources */ = {isa = PBXBuildFile; fileRef = DB5F69E325895C3300093B7C /* WelcomeVC.swift */; };
		DB5F69ED25896BA500093B7C /* ButtonExtensions.swift in Sources */ = {isa = PBXBuildFile; fileRef = DB5F69EC25896BA500093B7C /* ButtonExtensions.swift */; };
		F30946752590A25800C26A05 /* RoutineCell2.swift in Sources */ = {isa = PBXBuildFile; fileRef = F30946742590A25800C26A05 /* RoutineCell2.swift */; };
		F30946952590E62200C26A05 /* HomeVc.swift in Sources */ = {isa = PBXBuildFile; fileRef = F30946942590E62200C26A05 /* HomeVc.swift */; };
		F309469B2590E64700C26A05 /* HomeVCCell.swift in Sources */ = {isa = PBXBuildFile; fileRef = F30946992590E64700C26A05 /* HomeVCCell.swift */; };
		F30946A22590F02700C26A05 /* HomeCollectionReusableView.swift in Sources */ = {isa = PBXBuildFile; fileRef = F30946A02590F02700C26A05 /* HomeCollectionReusableView.swift */; };
		F30946A32590F02700C26A05 /* HomeCollectionReusableView.xib in Resources */ = {isa = PBXBuildFile; fileRef = F30946A12590F02700C26A05 /* HomeCollectionReusableView.xib */; };
		F30C9EE7258B798700233EFB /* CircularProgress.swift in Sources */ = {isa = PBXBuildFile; fileRef = F30C9EE6258B798700233EFB /* CircularProgress.swift */; };
		F326D3C425909163009A6BA7 /* RoutineVC.swift in Sources */ = {isa = PBXBuildFile; fileRef = F326D3C325909163009A6BA7 /* RoutineVC.swift */; };
		F326D3CC2590969E009A6BA7 /* RoutineCell.swift in Sources */ = {isa = PBXBuildFile; fileRef = F326D3CB2590969E009A6BA7 /* RoutineCell.swift */; };
		F34331612591AE7C00F823DB /* HeaderCollectionReusableView.swift in Sources */ = {isa = PBXBuildFile; fileRef = F343315F2591AE7C00F823DB /* HeaderCollectionReusableView.swift */; };
		F34331622591AE7C00F823DB /* HeaderCollectionReusableView.xib in Resources */ = {isa = PBXBuildFile; fileRef = F34331602591AE7C00F823DB /* HeaderCollectionReusableView.xib */; };
		F346267E258A89D5002A72B0 /* ObjectiveVC.swift in Sources */ = {isa = PBXBuildFile; fileRef = F346267D258A89D5002A72B0 /* ObjectiveVC.swift */; };
		F3462683258A8A26002A72B0 /* AgeVC.swift in Sources */ = {isa = PBXBuildFile; fileRef = F3462682258A8A26002A72B0 /* AgeVC.swift */; };
		F3462688258A8A5F002A72B0 /* HowYouEverVC.swift in Sources */ = {isa = PBXBuildFile; fileRef = F3462687258A8A5F002A72B0 /* HowYouEverVC.swift */; };
		F346268D258A8A9D002A72B0 /* ScheduleVC.swift in Sources */ = {isa = PBXBuildFile; fileRef = F346268C258A8A9D002A72B0 /* ScheduleVC.swift */; };
		F3462697258A97B1002A72B0 /* viewExtensions.swift in Sources */ = {isa = PBXBuildFile; fileRef = F3462696258A97B1002A72B0 /* viewExtensions.swift */; };
		F35BBD37258B204A001037D9 /* ConsistencyVC.swift in Sources */ = {isa = PBXBuildFile; fileRef = F35BBD36258B204A001037D9 /* ConsistencyVC.swift */; };
		F35BBD44258B31C5001037D9 /* LoadingVC.swift in Sources */ = {isa = PBXBuildFile; fileRef = F35BBD43258B31C5001037D9 /* LoadingVC.swift */; };
		F37028F8258C696E00A91FF3 /* PaymentVC.swift in Sources */ = {isa = PBXBuildFile; fileRef = F37028F7258C696E00A91FF3 /* PaymentVC.swift */; };
		F3A69CBB258E56E700A3E6D0 /* PauseVC.swift in Sources */ = {isa = PBXBuildFile; fileRef = F3A69CBA258E56E700A3E6D0 /* PauseVC.swift */; };
/* End PBXBuildFile section */

/* Begin PBXContainerItemProxy section */
		DB5F6990258949C000093B7C /* PBXContainerItemProxy */ = {
			isa = PBXContainerItemProxy;
			containerPortal = DB5F6971258949BC00093B7C /* Project object */;
			proxyType = 1;
			remoteGlobalIDString = DB5F6978258949BC00093B7C;
			remoteInfo = FaceApp;
		};
		DB5F699B258949C000093B7C /* PBXContainerItemProxy */ = {
			isa = PBXContainerItemProxy;
			containerPortal = DB5F6971258949BC00093B7C /* Project object */;
			proxyType = 1;
			remoteGlobalIDString = DB5F6978258949BC00093B7C;
			remoteInfo = FaceApp;
		};
/* End PBXContainerItemProxy section */

/* Begin PBXFileReference section */
		DB45A605259118C000F78EBC /* BaseClass.swift */ = {isa = PBXFileReference; lastKnownFileType = sourcecode.swift; path = BaseClass.swift; sourceTree = "<group>"; };
		DB45A61425911B0B00F78EBC /* CommonMethods.swift */ = {isa = PBXFileReference; lastKnownFileType = sourcecode.swift; path = CommonMethods.swift; sourceTree = "<group>"; };
		DB45A62825912A4900F78EBC /* StringExtensions.swift */ = {isa = PBXFileReference; lastKnownFileType = sourcecode.swift; path = StringExtensions.swift; sourceTree = "<group>"; };
		DB45A63D259147A200F78EBC /* ViewExtension.swift */ = {isa = PBXFileReference; lastKnownFileType = sourcecode.swift; path = ViewExtension.swift; sourceTree = "<group>"; };
		DB5F6979258949BC00093B7C /* FaceApp.app */ = {isa = PBXFileReference; explicitFileType = wrapper.application; includeInIndex = 0; path = FaceApp.app; sourceTree = BUILT_PRODUCTS_DIR; };
		DB5F697E258949BC00093B7C /* SceneDelegate.swift */ = {isa = PBXFileReference; lastKnownFileType = sourcecode.swift; path = SceneDelegate.swift; sourceTree = "<group>"; };
		DB5F6983258949BC00093B7C /* Base */ = {isa = PBXFileReference; lastKnownFileType = file.storyboard; name = Base; path = Base.lproj/Main.storyboard; sourceTree = "<group>"; };
		DB5F6985258949BF00093B7C /* Assets.xcassets */ = {isa = PBXFileReference; lastKnownFileType = folder.assetcatalog; path = Assets.xcassets; sourceTree = "<group>"; };
		DB5F6988258949BF00093B7C /* Base */ = {isa = PBXFileReference; lastKnownFileType = file.storyboard; name = Base; path = Base.lproj/LaunchScreen.storyboard; sourceTree = "<group>"; };
		DB5F698A258949BF00093B7C /* Info.plist */ = {isa = PBXFileReference; lastKnownFileType = text.plist.xml; path = Info.plist; sourceTree = "<group>"; };
		DB5F698F258949C000093B7C /* FaceAppTests.xctest */ = {isa = PBXFileReference; explicitFileType = wrapper.cfbundle; includeInIndex = 0; path = FaceAppTests.xctest; sourceTree = BUILT_PRODUCTS_DIR; };
		DB5F6993258949C000093B7C /* FaceAppTests.swift */ = {isa = PBXFileReference; lastKnownFileType = sourcecode.swift; path = FaceAppTests.swift; sourceTree = "<group>"; };
		DB5F6995258949C000093B7C /* Info.plist */ = {isa = PBXFileReference; lastKnownFileType = text.plist.xml; path = Info.plist; sourceTree = "<group>"; };
		DB5F699A258949C000093B7C /* FaceAppUITests.xctest */ = {isa = PBXFileReference; explicitFileType = wrapper.cfbundle; includeInIndex = 0; path = FaceAppUITests.xctest; sourceTree = BUILT_PRODUCTS_DIR; };
		DB5F699E258949C000093B7C /* FaceAppUITests.swift */ = {isa = PBXFileReference; lastKnownFileType = sourcecode.swift; path = FaceAppUITests.swift; sourceTree = "<group>"; };
		DB5F69A0258949C000093B7C /* Info.plist */ = {isa = PBXFileReference; lastKnownFileType = text.plist.xml; path = Info.plist; sourceTree = "<group>"; };
		DB5F69CD25894BDB00093B7C /* AppDelegate.swift */ = {isa = PBXFileReference; lastKnownFileType = sourcecode.swift; path = AppDelegate.swift; sourceTree = "<group>"; };
		DB5F69DB25895A7800093B7C /* Constants.swift */ = {isa = PBXFileReference; lastKnownFileType = sourcecode.swift; path = Constants.swift; sourceTree = "<group>"; };
		DB5F69E325895C3300093B7C /* WelcomeVC.swift */ = {isa = PBXFileReference; lastKnownFileType = sourcecode.swift; path = WelcomeVC.swift; sourceTree = "<group>"; };
		DB5F69EC25896BA500093B7C /* ButtonExtensions.swift */ = {isa = PBXFileReference; lastKnownFileType = sourcecode.swift; path = ButtonExtensions.swift; sourceTree = "<group>"; };
		F30946742590A25800C26A05 /* RoutineCell2.swift */ = {isa = PBXFileReference; lastKnownFileType = sourcecode.swift; path = RoutineCell2.swift; sourceTree = "<group>"; };
		F30946942590E62200C26A05 /* HomeVc.swift */ = {isa = PBXFileReference; lastKnownFileType = sourcecode.swift; path = HomeVc.swift; sourceTree = "<group>"; };
		F30946992590E64700C26A05 /* HomeVCCell.swift */ = {isa = PBXFileReference; lastKnownFileType = sourcecode.swift; path = HomeVCCell.swift; sourceTree = "<group>"; };
		F30946A02590F02700C26A05 /* HomeCollectionReusableView.swift */ = {isa = PBXFileReference; lastKnownFileType = sourcecode.swift; path = HomeCollectionReusableView.swift; sourceTree = "<group>"; };
		F30946A12590F02700C26A05 /* HomeCollectionReusableView.xib */ = {isa = PBXFileReference; lastKnownFileType = file.xib; path = HomeCollectionReusableView.xib; sourceTree = "<group>"; };
		F30C9EE6258B798700233EFB /* CircularProgress.swift */ = {isa = PBXFileReference; fileEncoding = 4; lastKnownFileType = sourcecode.swift; path = CircularProgress.swift; sourceTree = "<group>"; };
		F326D3C325909163009A6BA7 /* RoutineVC.swift */ = {isa = PBXFileReference; lastKnownFileType = sourcecode.swift; path = RoutineVC.swift; sourceTree = "<group>"; };
		F326D3CB2590969E009A6BA7 /* RoutineCell.swift */ = {isa = PBXFileReference; lastKnownFileType = sourcecode.swift; path = RoutineCell.swift; sourceTree = "<group>"; };
		F343315F2591AE7C00F823DB /* HeaderCollectionReusableView.swift */ = {isa = PBXFileReference; lastKnownFileType = sourcecode.swift; path = HeaderCollectionReusableView.swift; sourceTree = "<group>"; };
		F34331602591AE7C00F823DB /* HeaderCollectionReusableView.xib */ = {isa = PBXFileReference; lastKnownFileType = file.xib; path = HeaderCollectionReusableView.xib; sourceTree = "<group>"; };
		F346267D258A89D5002A72B0 /* ObjectiveVC.swift */ = {isa = PBXFileReference; lastKnownFileType = sourcecode.swift; path = ObjectiveVC.swift; sourceTree = "<group>"; };
		F3462682258A8A26002A72B0 /* AgeVC.swift */ = {isa = PBXFileReference; lastKnownFileType = sourcecode.swift; path = AgeVC.swift; sourceTree = "<group>"; };
		F3462687258A8A5F002A72B0 /* HowYouEverVC.swift */ = {isa = PBXFileReference; lastKnownFileType = sourcecode.swift; path = HowYouEverVC.swift; sourceTree = "<group>"; };
		F346268C258A8A9D002A72B0 /* ScheduleVC.swift */ = {isa = PBXFileReference; lastKnownFileType = sourcecode.swift; path = ScheduleVC.swift; sourceTree = "<group>"; };
		F3462696258A97B1002A72B0 /* viewExtensions.swift */ = {isa = PBXFileReference; lastKnownFileType = sourcecode.swift; path = viewExtensions.swift; sourceTree = "<group>"; };
		F35BBD36258B204A001037D9 /* ConsistencyVC.swift */ = {isa = PBXFileReference; lastKnownFileType = sourcecode.swift; path = ConsistencyVC.swift; sourceTree = "<group>"; };
		F35BBD43258B31C5001037D9 /* LoadingVC.swift */ = {isa = PBXFileReference; lastKnownFileType = sourcecode.swift; path = LoadingVC.swift; sourceTree = "<group>"; };
		F37028F7258C696E00A91FF3 /* PaymentVC.swift */ = {isa = PBXFileReference; lastKnownFileType = sourcecode.swift; path = PaymentVC.swift; sourceTree = "<group>"; };
		F3A69CBA258E56E700A3E6D0 /* PauseVC.swift */ = {isa = PBXFileReference; lastKnownFileType = sourcecode.swift; path = PauseVC.swift; sourceTree = "<group>"; };
/* End PBXFileReference section */

/* Begin PBXFrameworksBuildPhase section */
		DB5F6976258949BC00093B7C /* Frameworks */ = {
			isa = PBXFrameworksBuildPhase;
			buildActionMask = 2147483647;
			files = (
			);
			runOnlyForDeploymentPostprocessing = 0;
		};
		DB5F698C258949C000093B7C /* Frameworks */ = {
			isa = PBXFrameworksBuildPhase;
			buildActionMask = 2147483647;
			files = (
			);
			runOnlyForDeploymentPostprocessing = 0;
		};
		DB5F6997258949C000093B7C /* Frameworks */ = {
			isa = PBXFrameworksBuildPhase;
			buildActionMask = 2147483647;
			files = (
			);
			runOnlyForDeploymentPostprocessing = 0;
		};
/* End PBXFrameworksBuildPhase section */

/* Begin PBXGroup section */
		DB45A604259118B300F78EBC /* BaseClass */ = {
			isa = PBXGroup;
			children = (
				DB45A605259118C000F78EBC /* BaseClass.swift */,
			);
			path = BaseClass;
			sourceTree = "<group>";
		};
		DB45A61325911AFB00F78EBC /* CommonMethod */ = {
			isa = PBXGroup;
			children = (
				DB45A61425911B0B00F78EBC /* CommonMethods.swift */,
			);
			path = CommonMethod;
			sourceTree = "<group>";
		};
		DB45A63C2591479100F78EBC /* ViewExtension */ = {
			isa = PBXGroup;
			children = (
				DB45A63D259147A200F78EBC /* ViewExtension.swift */,
			);
			path = ViewExtension;
			sourceTree = "<group>";
		};
		DB5F6970258949BC00093B7C = {
			isa = PBXGroup;
			children = (
				DB5F697B258949BC00093B7C /* FaceApp */,
				DB5F6992258949C000093B7C /* FaceAppTests */,
				DB5F699D258949C000093B7C /* FaceAppUITests */,
				DB5F697A258949BC00093B7C /* Products */,
			);
			sourceTree = "<group>";
		};
		DB5F697A258949BC00093B7C /* Products */ = {
			isa = PBXGroup;
			children = (
				DB5F6979258949BC00093B7C /* FaceApp.app */,
				DB5F698F258949C000093B7C /* FaceAppTests.xctest */,
				DB5F699A258949C000093B7C /* FaceAppUITests.xctest */,
			);
			name = Products;
			sourceTree = "<group>";
		};
		DB5F697B258949BC00093B7C /* FaceApp */ = {
			isa = PBXGroup;
			children = (
				F3078E24258CD9480040A4BE /* Cell */,
				DB5F69D925895A5B00093B7C /* Utilities */,
				DB5F69AF258949E600093B7C /* AppDelegate */,
				DB5F69B0258949F300093B7C /* SceneDelegate */,
				DB5F69D825895A1C00093B7C /* Controller */,
				DB5F69B325894A2F00093B7C /* View */,
				DB5F69D225894C5400093B7C /* Resources */,
				DB5F698A258949BF00093B7C /* Info.plist */,
			);
			path = FaceApp;
			sourceTree = "<group>";
		};
		DB5F6992258949C000093B7C /* FaceAppTests */ = {
			isa = PBXGroup;
			children = (
				DB5F6993258949C000093B7C /* FaceAppTests.swift */,
				DB5F6995258949C000093B7C /* Info.plist */,
			);
			path = FaceAppTests;
			sourceTree = "<group>";
		};
		DB5F699D258949C000093B7C /* FaceAppUITests */ = {
			isa = PBXGroup;
			children = (
				DB5F699E258949C000093B7C /* FaceAppUITests.swift */,
				DB5F69A0258949C000093B7C /* Info.plist */,
			);
			path = FaceAppUITests;
			sourceTree = "<group>";
		};
		DB5F69AF258949E600093B7C /* AppDelegate */ = {
			isa = PBXGroup;
			children = (
				DB5F69CD25894BDB00093B7C /* AppDelegate.swift */,
			);
			path = AppDelegate;
			sourceTree = "<group>";
		};
		DB5F69B0258949F300093B7C /* SceneDelegate */ = {
			isa = PBXGroup;
			children = (
				DB5F697E258949BC00093B7C /* SceneDelegate.swift */,
			);
			path = SceneDelegate;
			sourceTree = "<group>";
		};
		DB5F69B325894A2F00093B7C /* View */ = {
			isa = PBXGroup;
			children = (
				DB5F69D325894C6A00093B7C /* Main */,
				DB5F69D425894C7200093B7C /* LaunchScreen */,
			);
			path = View;
			sourceTree = "<group>";
		};
		DB5F69D225894C5400093B7C /* Resources */ = {
			isa = PBXGroup;
			children = (
				DB5F6985258949BF00093B7C /* Assets.xcassets */,
			);
			path = Resources;
			sourceTree = "<group>";
		};
		DB5F69D325894C6A00093B7C /* Main */ = {
			isa = PBXGroup;
			children = (
				DB5F6982258949BC00093B7C /* Main.storyboard */,
			);
			path = Main;
			sourceTree = "<group>";
		};
		DB5F69D425894C7200093B7C /* LaunchScreen */ = {
			isa = PBXGroup;
			children = (
				DB5F6987258949BF00093B7C /* LaunchScreen.storyboard */,
			);
			path = LaunchScreen;
			sourceTree = "<group>";
		};
		DB5F69D825895A1C00093B7C /* Controller */ = {
			isa = PBXGroup;
			children = (
				DB5F69E325895C3300093B7C /* WelcomeVC.swift */,
				F346267D258A89D5002A72B0 /* ObjectiveVC.swift */,
				F3462682258A8A26002A72B0 /* AgeVC.swift */,
				F3462687258A8A5F002A72B0 /* HowYouEverVC.swift */,
				F346268C258A8A9D002A72B0 /* ScheduleVC.swift */,
				F35BBD36258B204A001037D9 /* ConsistencyVC.swift */,
				F30C9EE6258B798700233EFB /* CircularProgress.swift */,
				F35BBD43258B31C5001037D9 /* LoadingVC.swift */,
				F37028F7258C696E00A91FF3 /* PaymentVC.swift */,
				F3A69CBA258E56E700A3E6D0 /* PauseVC.swift */,
				F326D3C325909163009A6BA7 /* RoutineVC.swift */,
				F30946942590E62200C26A05 /* HomeVc.swift */,
			);
			path = Controller;
			sourceTree = "<group>";
		};
		DB5F69D925895A5B00093B7C /* Utilities */ = {
			isa = PBXGroup;
			children = (
				DB45A63C2591479100F78EBC /* ViewExtension */,
				DB45A61325911AFB00F78EBC /* CommonMethod */,
				DB45A604259118B300F78EBC /* BaseClass */,
				DB5F69EB25896B9000093B7C /* Extensions */,
				DB5F69DA25895A6D00093B7C /* Constants */,
			);
			path = Utilities;
			sourceTree = "<group>";
		};
		DB5F69DA25895A6D00093B7C /* Constants */ = {
			isa = PBXGroup;
			children = (
				DB5F69DB25895A7800093B7C /* Constants.swift */,
			);
			path = Constants;
			sourceTree = "<group>";
		};
		DB5F69EB25896B9000093B7C /* Extensions */ = {
			isa = PBXGroup;
			children = (
				DB5F69EC25896BA500093B7C /* ButtonExtensions.swift */,
				F3462696258A97B1002A72B0 /* viewExtensions.swift */,
				DB45A62825912A4900F78EBC /* StringExtensions.swift */,
			);
			path = Extensions;
			sourceTree = "<group>";
		};
		F3078E24258CD9480040A4BE /* Cell */ = {
			isa = PBXGroup;
			children = (
				F326D3CB2590969E009A6BA7 /* RoutineCell.swift */,
				F30946742590A25800C26A05 /* RoutineCell2.swift */,
				F30946992590E64700C26A05 /* HomeVCCell.swift */,
				F30946A02590F02700C26A05 /* HomeCollectionReusableView.swift */,
				F30946A12590F02700C26A05 /* HomeCollectionReusableView.xib */,
				F343315F2591AE7C00F823DB /* HeaderCollectionReusableView.swift */,
				F34331602591AE7C00F823DB /* HeaderCollectionReusableView.xib */,
			);
			path = Cell;
			sourceTree = "<group>";
		};
/* End PBXGroup section */

/* Begin PBXNativeTarget section */
		DB5F6978258949BC00093B7C /* FaceApp */ = {
			isa = PBXNativeTarget;
			buildConfigurationList = DB5F69A3258949C000093B7C /* Build configuration list for PBXNativeTarget "FaceApp" */;
			buildPhases = (
				DB5F6975258949BC00093B7C /* Sources */,
				DB5F6976258949BC00093B7C /* Frameworks */,
				DB5F6977258949BC00093B7C /* Resources */,
			);
			buildRules = (
			);
			dependencies = (
			);
			name = FaceApp;
			productName = FaceApp;
			productReference = DB5F6979258949BC00093B7C /* FaceApp.app */;
			productType = "com.apple.product-type.application";
		};
		DB5F698E258949C000093B7C /* FaceAppTests */ = {
			isa = PBXNativeTarget;
			buildConfigurationList = DB5F69A6258949C000093B7C /* Build configuration list for PBXNativeTarget "FaceAppTests" */;
			buildPhases = (
				DB5F698B258949C000093B7C /* Sources */,
				DB5F698C258949C000093B7C /* Frameworks */,
				DB5F698D258949C000093B7C /* Resources */,
			);
			buildRules = (
			);
			dependencies = (
				DB5F6991258949C000093B7C /* PBXTargetDependency */,
			);
			name = FaceAppTests;
			productName = FaceAppTests;
			productReference = DB5F698F258949C000093B7C /* FaceAppTests.xctest */;
			productType = "com.apple.product-type.bundle.unit-test";
		};
		DB5F6999258949C000093B7C /* FaceAppUITests */ = {
			isa = PBXNativeTarget;
			buildConfigurationList = DB5F69A9258949C000093B7C /* Build configuration list for PBXNativeTarget "FaceAppUITests" */;
			buildPhases = (
				DB5F6996258949C000093B7C /* Sources */,
				DB5F6997258949C000093B7C /* Frameworks */,
				DB5F6998258949C000093B7C /* Resources */,
			);
			buildRules = (
			);
			dependencies = (
				DB5F699C258949C000093B7C /* PBXTargetDependency */,
			);
			name = FaceAppUITests;
			productName = FaceAppUITests;
			productReference = DB5F699A258949C000093B7C /* FaceAppUITests.xctest */;
			productType = "com.apple.product-type.bundle.ui-testing";
		};
/* End PBXNativeTarget section */

/* Begin PBXProject section */
		DB5F6971258949BC00093B7C /* Project object */ = {
			isa = PBXProject;
			attributes = {
				LastSwiftUpdateCheck = 1210;
				LastUpgradeCheck = 1210;
				TargetAttributes = {
					DB5F6978258949BC00093B7C = {
						CreatedOnToolsVersion = 12.1;
					};
					DB5F698E258949C000093B7C = {
						CreatedOnToolsVersion = 12.1;
						TestTargetID = DB5F6978258949BC00093B7C;
					};
					DB5F6999258949C000093B7C = {
						CreatedOnToolsVersion = 12.1;
						TestTargetID = DB5F6978258949BC00093B7C;
					};
				};
			};
			buildConfigurationList = DB5F6974258949BC00093B7C /* Build configuration list for PBXProject "FaceApp" */;
			compatibilityVersion = "Xcode 9.3";
			developmentRegion = en;
			hasScannedForEncodings = 0;
			knownRegions = (
				en,
				Base,
			);
			mainGroup = DB5F6970258949BC00093B7C;
			productRefGroup = DB5F697A258949BC00093B7C /* Products */;
			projectDirPath = "";
			projectRoot = "";
			targets = (
				DB5F6978258949BC00093B7C /* FaceApp */,
				DB5F698E258949C000093B7C /* FaceAppTests */,
				DB5F6999258949C000093B7C /* FaceAppUITests */,
			);
		};
/* End PBXProject section */

/* Begin PBXResourcesBuildPhase section */
		DB5F6977258949BC00093B7C /* Resources */ = {
			isa = PBXResourcesBuildPhase;
			buildActionMask = 2147483647;
			files = (
				DB5F6989258949BF00093B7C /* LaunchScreen.storyboard in Resources */,
				F34331622591AE7C00F823DB /* HeaderCollectionReusableView.xib in Resources */,
				DB5F6986258949BF00093B7C /* Assets.xcassets in Resources */,
				F30946A32590F02700C26A05 /* HomeCollectionReusableView.xib in Resources */,
				DB5F6984258949BC00093B7C /* Main.storyboard in Resources */,
			);
			runOnlyForDeploymentPostprocessing = 0;
		};
		DB5F698D258949C000093B7C /* Resources */ = {
			isa = PBXResourcesBuildPhase;
			buildActionMask = 2147483647;
			files = (
			);
			runOnlyForDeploymentPostprocessing = 0;
		};
		DB5F6998258949C000093B7C /* Resources */ = {
			isa = PBXResourcesBuildPhase;
			buildActionMask = 2147483647;
			files = (
			);
			runOnlyForDeploymentPostprocessing = 0;
		};
/* End PBXResourcesBuildPhase section */

/* Begin PBXSourcesBuildPhase section */
		DB5F6975258949BC00093B7C /* Sources */ = {
			isa = PBXSourcesBuildPhase;
			buildActionMask = 2147483647;
			files = (
				DB45A62925912A4900F78EBC /* StringExtensions.swift in Sources */,
				F30C9EE7258B798700233EFB /* CircularProgress.swift in Sources */,
				F309469B2590E64700C26A05 /* HomeVCCell.swift in Sources */,
				DB5F69CE25894BDB00093B7C /* AppDelegate.swift in Sources */,
				DB45A63E259147A200F78EBC /* ViewExtension.swift in Sources */,
				F326D3CC2590969E009A6BA7 /* RoutineCell.swift in Sources */,
				F30946A22590F02700C26A05 /* HomeCollectionReusableView.swift in Sources */,
				F3462683258A8A26002A72B0 /* AgeVC.swift in Sources */,
				DB5F697F258949BC00093B7C /* SceneDelegate.swift in Sources */,
				F3462688258A8A5F002A72B0 /* HowYouEverVC.swift in Sources */,
				F37028F8258C696E00A91FF3 /* PaymentVC.swift in Sources */,
				F346267E258A89D5002A72B0 /* ObjectiveVC.swift in Sources */,
				F3A69CBB258E56E700A3E6D0 /* PauseVC.swift in Sources */,
				DB45A606259118C000F78EBC /* BaseClass.swift in Sources */,
				F35BBD44258B31C5001037D9 /* LoadingVC.swift in Sources */,
				F326D3C425909163009A6BA7 /* RoutineVC.swift in Sources */,
				F346268D258A8A9D002A72B0 /* ScheduleVC.swift in Sources */,
				F35BBD37258B204A001037D9 /* ConsistencyVC.swift in Sources */,
				F34331612591AE7C00F823DB /* HeaderCollectionReusableView.swift in Sources */,
				F30946752590A25800C26A05 /* RoutineCell2.swift in Sources */,
				DB5F69DC25895A7800093B7C /* Constants.swift in Sources */,
				DB5F69E425895C3300093B7C /* WelcomeVC.swift in Sources */,
				F3462697258A97B1002A72B0 /* viewExtensions.swift in Sources */,
				F30946952590E62200C26A05 /* HomeVc.swift in Sources */,
				DB5F69ED25896BA500093B7C /* ButtonExtensions.swift in Sources */,
				DB45A61525911B0B00F78EBC /* CommonMethods.swift in Sources */,
			);
			runOnlyForDeploymentPostprocessing = 0;
		};
		DB5F698B258949C000093B7C /* Sources */ = {
			isa = PBXSourcesBuildPhase;
			buildActionMask = 2147483647;
			files = (
				DB5F6994258949C000093B7C /* FaceAppTests.swift in Sources */,
			);
			runOnlyForDeploymentPostprocessing = 0;
		};
		DB5F6996258949C000093B7C /* Sources */ = {
			isa = PBXSourcesBuildPhase;
			buildActionMask = 2147483647;
			files = (
				DB5F699F258949C000093B7C /* FaceAppUITests.swift in Sources */,
			);
			runOnlyForDeploymentPostprocessing = 0;
		};
/* End PBXSourcesBuildPhase section */

/* Begin PBXTargetDependency section */
		DB5F6991258949C000093B7C /* PBXTargetDependency */ = {
			isa = PBXTargetDependency;
			target = DB5F6978258949BC00093B7C /* FaceApp */;
			targetProxy = DB5F6990258949C000093B7C /* PBXContainerItemProxy */;
		};
		DB5F699C258949C000093B7C /* PBXTargetDependency */ = {
			isa = PBXTargetDependency;
			target = DB5F6978258949BC00093B7C /* FaceApp */;
			targetProxy = DB5F699B258949C000093B7C /* PBXContainerItemProxy */;
		};
/* End PBXTargetDependency section */

/* Begin PBXVariantGroup section */
		DB5F6982258949BC00093B7C /* Main.storyboard */ = {
			isa = PBXVariantGroup;
			children = (
				DB5F6983258949BC00093B7C /* Base */,
			);
			name = Main.storyboard;
			sourceTree = "<group>";
		};
		DB5F6987258949BF00093B7C /* LaunchScreen.storyboard */ = {
			isa = PBXVariantGroup;
			children = (
				DB5F6988258949BF00093B7C /* Base */,
			);
			name = LaunchScreen.storyboard;
			sourceTree = "<group>";
		};
/* End PBXVariantGroup section */

/* Begin XCBuildConfiguration section */
		DB5F69A1258949C000093B7C /* Debug */ = {
			isa = XCBuildConfiguration;
			buildSettings = {
				ALWAYS_SEARCH_USER_PATHS = NO;
				CLANG_ANALYZER_NONNULL = YES;
				CLANG_ANALYZER_NUMBER_OBJECT_CONVERSION = YES_AGGRESSIVE;
				CLANG_CXX_LANGUAGE_STANDARD = "gnu++14";
				CLANG_CXX_LIBRARY = "libc++";
				CLANG_ENABLE_MODULES = YES;
				CLANG_ENABLE_OBJC_ARC = YES;
				CLANG_ENABLE_OBJC_WEAK = YES;
				CLANG_WARN_BLOCK_CAPTURE_AUTORELEASING = YES;
				CLANG_WARN_BOOL_CONVERSION = YES;
				CLANG_WARN_COMMA = YES;
				CLANG_WARN_CONSTANT_CONVERSION = YES;
				CLANG_WARN_DEPRECATED_OBJC_IMPLEMENTATIONS = YES;
				CLANG_WARN_DIRECT_OBJC_ISA_USAGE = YES_ERROR;
				CLANG_WARN_DOCUMENTATION_COMMENTS = YES;
				CLANG_WARN_EMPTY_BODY = YES;
				CLANG_WARN_ENUM_CONVERSION = YES;
				CLANG_WARN_INFINITE_RECURSION = YES;
				CLANG_WARN_INT_CONVERSION = YES;
				CLANG_WARN_NON_LITERAL_NULL_CONVERSION = YES;
				CLANG_WARN_OBJC_IMPLICIT_RETAIN_SELF = YES;
				CLANG_WARN_OBJC_LITERAL_CONVERSION = YES;
				CLANG_WARN_OBJC_ROOT_CLASS = YES_ERROR;
				CLANG_WARN_QUOTED_INCLUDE_IN_FRAMEWORK_HEADER = YES;
				CLANG_WARN_RANGE_LOOP_ANALYSIS = YES;
				CLANG_WARN_STRICT_PROTOTYPES = YES;
				CLANG_WARN_SUSPICIOUS_MOVE = YES;
				CLANG_WARN_UNGUARDED_AVAILABILITY = YES_AGGRESSIVE;
				CLANG_WARN_UNREACHABLE_CODE = YES;
				CLANG_WARN__DUPLICATE_METHOD_MATCH = YES;
				COPY_PHASE_STRIP = NO;
				DEBUG_INFORMATION_FORMAT = dwarf;
				ENABLE_STRICT_OBJC_MSGSEND = YES;
				ENABLE_TESTABILITY = YES;
				GCC_C_LANGUAGE_STANDARD = gnu11;
				GCC_DYNAMIC_NO_PIC = NO;
				GCC_NO_COMMON_BLOCKS = YES;
				GCC_OPTIMIZATION_LEVEL = 0;
				GCC_PREPROCESSOR_DEFINITIONS = (
					"DEBUG=1",
					"$(inherited)",
				);
				GCC_WARN_64_TO_32_BIT_CONVERSION = YES;
				GCC_WARN_ABOUT_RETURN_TYPE = YES_ERROR;
				GCC_WARN_UNDECLARED_SELECTOR = YES;
				GCC_WARN_UNINITIALIZED_AUTOS = YES_AGGRESSIVE;
				GCC_WARN_UNUSED_FUNCTION = YES;
				GCC_WARN_UNUSED_VARIABLE = YES;
				IPHONEOS_DEPLOYMENT_TARGET = 14.1;
				MTL_ENABLE_DEBUG_INFO = INCLUDE_SOURCE;
				MTL_FAST_MATH = YES;
				ONLY_ACTIVE_ARCH = YES;
				SDKROOT = iphoneos;
				SWIFT_ACTIVE_COMPILATION_CONDITIONS = DEBUG;
				SWIFT_OPTIMIZATION_LEVEL = "-Onone";
			};
			name = Debug;
		};
		DB5F69A2258949C000093B7C /* Release */ = {
			isa = XCBuildConfiguration;
			buildSettings = {
				ALWAYS_SEARCH_USER_PATHS = NO;
				CLANG_ANALYZER_NONNULL = YES;
				CLANG_ANALYZER_NUMBER_OBJECT_CONVERSION = YES_AGGRESSIVE;
				CLANG_CXX_LANGUAGE_STANDARD = "gnu++14";
				CLANG_CXX_LIBRARY = "libc++";
				CLANG_ENABLE_MODULES = YES;
				CLANG_ENABLE_OBJC_ARC = YES;
				CLANG_ENABLE_OBJC_WEAK = YES;
				CLANG_WARN_BLOCK_CAPTURE_AUTORELEASING = YES;
				CLANG_WARN_BOOL_CONVERSION = YES;
				CLANG_WARN_COMMA = YES;
				CLANG_WARN_CONSTANT_CONVERSION = YES;
				CLANG_WARN_DEPRECATED_OBJC_IMPLEMENTATIONS = YES;
				CLANG_WARN_DIRECT_OBJC_ISA_USAGE = YES_ERROR;
				CLANG_WARN_DOCUMENTATION_COMMENTS = YES;
				CLANG_WARN_EMPTY_BODY = YES;
				CLANG_WARN_ENUM_CONVERSION = YES;
				CLANG_WARN_INFINITE_RECURSION = YES;
				CLANG_WARN_INT_CONVERSION = YES;
				CLANG_WARN_NON_LITERAL_NULL_CONVERSION = YES;
				CLANG_WARN_OBJC_IMPLICIT_RETAIN_SELF = YES;
				CLANG_WARN_OBJC_LITERAL_CONVERSION = YES;
				CLANG_WARN_OBJC_ROOT_CLASS = YES_ERROR;
				CLANG_WARN_QUOTED_INCLUDE_IN_FRAMEWORK_HEADER = YES;
				CLANG_WARN_RANGE_LOOP_ANALYSIS = YES;
				CLANG_WARN_STRICT_PROTOTYPES = YES;
				CLANG_WARN_SUSPICIOUS_MOVE = YES;
				CLANG_WARN_UNGUARDED_AVAILABILITY = YES_AGGRESSIVE;
				CLANG_WARN_UNREACHABLE_CODE = YES;
				CLANG_WARN__DUPLICATE_METHOD_MATCH = YES;
				COPY_PHASE_STRIP = NO;
				DEBUG_INFORMATION_FORMAT = "dwarf-with-dsym";
				ENABLE_NS_ASSERTIONS = NO;
				ENABLE_STRICT_OBJC_MSGSEND = YES;
				GCC_C_LANGUAGE_STANDARD = gnu11;
				GCC_NO_COMMON_BLOCKS = YES;
				GCC_WARN_64_TO_32_BIT_CONVERSION = YES;
				GCC_WARN_ABOUT_RETURN_TYPE = YES_ERROR;
				GCC_WARN_UNDECLARED_SELECTOR = YES;
				GCC_WARN_UNINITIALIZED_AUTOS = YES_AGGRESSIVE;
				GCC_WARN_UNUSED_FUNCTION = YES;
				GCC_WARN_UNUSED_VARIABLE = YES;
				IPHONEOS_DEPLOYMENT_TARGET = 14.1;
				MTL_ENABLE_DEBUG_INFO = NO;
				MTL_FAST_MATH = YES;
				SDKROOT = iphoneos;
				SWIFT_COMPILATION_MODE = wholemodule;
				SWIFT_OPTIMIZATION_LEVEL = "-O";
				VALIDATE_PRODUCT = YES;
			};
			name = Release;
		};
		DB5F69A4258949C000093B7C /* Debug */ = {
			isa = XCBuildConfiguration;
			buildSettings = {
				ASSETCATALOG_COMPILER_APPICON_NAME = AppIcon;
				ASSETCATALOG_COMPILER_GLOBAL_ACCENT_COLOR_NAME = AccentColor;
				CODE_SIGN_STYLE = Automatic;
				DEVELOPMENT_TEAM = U3NSVYKN56;
				INFOPLIST_FILE = FaceApp/Info.plist;
				LD_RUNPATH_SEARCH_PATHS = (
					"$(inherited)",
					"@executable_path/Frameworks",
				);
				PRODUCT_BUNDLE_IDENTIFIER = "Pragmatech-Infosoft.FaceApp";
				PRODUCT_NAME = "$(TARGET_NAME)";
				SWIFT_VERSION = 5.0;
				TARGETED_DEVICE_FAMILY = "1,2";
			};
			name = Debug;
		};
		DB5F69A5258949C000093B7C /* Release */ = {
			isa = XCBuildConfiguration;
			buildSettings = {
				ASSETCATALOG_COMPILER_APPICON_NAME = AppIcon;
				ASSETCATALOG_COMPILER_GLOBAL_ACCENT_COLOR_NAME = AccentColor;
				CODE_SIGN_STYLE = Automatic;
				DEVELOPMENT_TEAM = U3NSVYKN56;
				INFOPLIST_FILE = FaceApp/Info.plist;
				LD_RUNPATH_SEARCH_PATHS = (
					"$(inherited)",
					"@executable_path/Frameworks",
				);
				PRODUCT_BUNDLE_IDENTIFIER = "Pragmatech-Infosoft.FaceApp";
				PRODUCT_NAME = "$(TARGET_NAME)";
				SWIFT_VERSION = 5.0;
				TARGETED_DEVICE_FAMILY = "1,2";
			};
			name = Release;
		};
		DB5F69A7258949C000093B7C /* Debug */ = {
			isa = XCBuildConfiguration;
			buildSettings = {
				ALWAYS_EMBED_SWIFT_STANDARD_LIBRARIES = YES;
				BUNDLE_LOADER = "$(TEST_HOST)";
				CODE_SIGN_STYLE = Automatic;
				DEVELOPMENT_TEAM = U3NSVYKN56;
				INFOPLIST_FILE = FaceAppTests/Info.plist;
				IPHONEOS_DEPLOYMENT_TARGET = 14.1;
				LD_RUNPATH_SEARCH_PATHS = (
					"$(inherited)",
					"@executable_path/Frameworks",
					"@loader_path/Frameworks",
				);
				PRODUCT_BUNDLE_IDENTIFIER = "Pragmatech-Infosoft.FaceAppTests";
				PRODUCT_NAME = "$(TARGET_NAME)";
				SWIFT_VERSION = 5.0;
				TARGETED_DEVICE_FAMILY = "1,2";
				TEST_HOST = "$(BUILT_PRODUCTS_DIR)/FaceApp.app/FaceApp";
			};
			name = Debug;
		};
		DB5F69A8258949C000093B7C /* Release */ = {
			isa = XCBuildConfiguration;
			buildSettings = {
				ALWAYS_EMBED_SWIFT_STANDARD_LIBRARIES = YES;
				BUNDLE_LOADER = "$(TEST_HOST)";
				CODE_SIGN_STYLE = Automatic;
				DEVELOPMENT_TEAM = U3NSVYKN56;
				INFOPLIST_FILE = FaceAppTests/Info.plist;
				IPHONEOS_DEPLOYMENT_TARGET = 14.1;
				LD_RUNPATH_SEARCH_PATHS = (
					"$(inherited)",
					"@executable_path/Frameworks",
					"@loader_path/Frameworks",
				);
				PRODUCT_BUNDLE_IDENTIFIER = "Pragmatech-Infosoft.FaceAppTests";
				PRODUCT_NAME = "$(TARGET_NAME)";
				SWIFT_VERSION = 5.0;
				TARGETED_DEVICE_FAMILY = "1,2";
				TEST_HOST = "$(BUILT_PRODUCTS_DIR)/FaceApp.app/FaceApp";
			};
			name = Release;
		};
		DB5F69AA258949C000093B7C /* Debug */ = {
			isa = XCBuildConfiguration;
			buildSettings = {
				ALWAYS_EMBED_SWIFT_STANDARD_LIBRARIES = YES;
				CODE_SIGN_STYLE = Automatic;
				DEVELOPMENT_TEAM = U3NSVYKN56;
				INFOPLIST_FILE = FaceAppUITests/Info.plist;
				LD_RUNPATH_SEARCH_PATHS = (
					"$(inherited)",
					"@executable_path/Frameworks",
					"@loader_path/Frameworks",
				);
				PRODUCT_BUNDLE_IDENTIFIER = "Pragmatech-Infosoft.FaceAppUITests";
				PRODUCT_NAME = "$(TARGET_NAME)";
				SWIFT_VERSION = 5.0;
				TARGETED_DEVICE_FAMILY = "1,2";
				TEST_TARGET_NAME = FaceApp;
			};
			name = Debug;
		};
		DB5F69AB258949C000093B7C /* Release */ = {
			isa = XCBuildConfiguration;
			buildSettings = {
				ALWAYS_EMBED_SWIFT_STANDARD_LIBRARIES = YES;
				CODE_SIGN_STYLE = Automatic;
				DEVELOPMENT_TEAM = U3NSVYKN56;
				INFOPLIST_FILE = FaceAppUITests/Info.plist;
				LD_RUNPATH_SEARCH_PATHS = (
					"$(inherited)",
					"@executable_path/Frameworks",
					"@loader_path/Frameworks",
				);
				PRODUCT_BUNDLE_IDENTIFIER = "Pragmatech-Infosoft.FaceAppUITests";
				PRODUCT_NAME = "$(TARGET_NAME)";
				SWIFT_VERSION = 5.0;
				TARGETED_DEVICE_FAMILY = "1,2";
				TEST_TARGET_NAME = FaceApp;
			};
			name = Release;
		};
/* End XCBuildConfiguration section */

/* Begin XCConfigurationList section */
		DB5F6974258949BC00093B7C /* Build configuration list for PBXProject "FaceApp" */ = {
			isa = XCConfigurationList;
			buildConfigurations = (
				DB5F69A1258949C000093B7C /* Debug */,
				DB5F69A2258949C000093B7C /* Release */,
			);
			defaultConfigurationIsVisible = 0;
			defaultConfigurationName = Release;
		};
		DB5F69A3258949C000093B7C /* Build configuration list for PBXNativeTarget "FaceApp" */ = {
			isa = XCConfigurationList;
			buildConfigurations = (
				DB5F69A4258949C000093B7C /* Debug */,
				DB5F69A5258949C000093B7C /* Release */,
			);
			defaultConfigurationIsVisible = 0;
			defaultConfigurationName = Release;
		};
		DB5F69A6258949C000093B7C /* Build configuration list for PBXNativeTarget "FaceAppTests" */ = {
			isa = XCConfigurationList;
			buildConfigurations = (
				DB5F69A7258949C000093B7C /* Debug */,
				DB5F69A8258949C000093B7C /* Release */,
			);
			defaultConfigurationIsVisible = 0;
			defaultConfigurationName = Release;
		};
		DB5F69A9258949C000093B7C /* Build configuration list for PBXNativeTarget "FaceAppUITests" */ = {
			isa = XCConfigurationList;
			buildConfigurations = (
				DB5F69AA258949C000093B7C /* Debug */,
				DB5F69AB258949C000093B7C /* Release */,
			);
			defaultConfigurationIsVisible = 0;
			defaultConfigurationName = Release;
		};
/* End XCConfigurationList section */
	};
	rootObject = DB5F6971258949BC00093B7C /* Project object */;
}
