// !$*UTF8*$!
{
	archiveVersion = 1;
	classes = {
	};
	objectVersion = 51;
	objects = {

/* Begin PBXBuildFile section */
		05444DF7F511103CEBEDE6D6 /* Pods_FaceAppTests.framework in Frameworks */ = {isa = PBXBuildFile; fileRef = C03402E498C53A5D006B7437 /* Pods_FaceAppTests.framework */; };
		2F537D1EE29BA590DC8933E4 /* Pods_FaceApp_FaceAppUITests.framework in Frameworks */ = {isa = PBXBuildFile; fileRef = E6EF89B20B76A02CC61CFD6A /* Pods_FaceApp_FaceAppUITests.framework */; };
		DB3BE52925B2190400D1AA30 /* Routine.swift in Sources */ = {isa = PBXBuildFile; fileRef = DB3BE52725B2190400D1AA30 /* Routine.swift */; };
		DB3BE52A25B2190400D1AA30 /* Targeted.swift in Sources */ = {isa = PBXBuildFile; fileRef = DB3BE52825B2190400D1AA30 /* Targeted.swift */; };
		DB3BE53225B2192C00D1AA30 /* Main.storyboard in Resources */ = {isa = PBXBuildFile; fileRef = DB3BE53125B2192C00D1AA30 /* Main.storyboard */; };
		DB45A606259118C000F78EBC /* BaseClass.swift in Sources */ = {isa = PBXBuildFile; fileRef = DB45A605259118C000F78EBC /* BaseClass.swift */; };
		DB45A61525911B0B00F78EBC /* CommonMethods.swift in Sources */ = {isa = PBXBuildFile; fileRef = DB45A61425911B0B00F78EBC /* CommonMethods.swift */; };
		DB45A62925912A4900F78EBC /* StringExtensions.swift in Sources */ = {isa = PBXBuildFile; fileRef = DB45A62825912A4900F78EBC /* StringExtensions.swift */; };
		DB45A63E259147A200F78EBC /* ViewExtension.swift in Sources */ = {isa = PBXBuildFile; fileRef = DB45A63D259147A200F78EBC /* ViewExtension.swift */; };
		DB5F697F258949BC00093B7C /* SceneDelegate.swift in Sources */ = {isa = PBXBuildFile; fileRef = DB5F697E258949BC00093B7C /* SceneDelegate.swift */; };
		DB5F6986258949BF00093B7C /* Assets.xcassets in Resources */ = {isa = PBXBuildFile; fileRef = DB5F6985258949BF00093B7C /* Assets.xcassets */; };
		DB5F6989258949BF00093B7C /* LaunchScreen.storyboard in Resources */ = {isa = PBXBuildFile; fileRef = DB5F6987258949BF00093B7C /* LaunchScreen.storyboard */; };
		DB5F6994258949C000093B7C /* FaceAppTests.swift in Sources */ = {isa = PBXBuildFile; fileRef = DB5F6993258949C000093B7C /* FaceAppTests.swift */; };
		DB5F699F258949C000093B7C /* FaceAppUITests.swift in Sources */ = {isa = PBXBuildFile; fileRef = DB5F699E258949C000093B7C /* FaceAppUITests.swift */; };
		DB5F69CE25894BDB00093B7C /* AppDelegate.swift in Sources */ = {isa = PBXBuildFile; fileRef = DB5F69CD25894BDB00093B7C /* AppDelegate.swift */; };
		DB5F69DC25895A7800093B7C /* Constants.swift in Sources */ = {isa = PBXBuildFile; fileRef = DB5F69DB25895A7800093B7C /* Constants.swift */; };
		DB5F69E425895C3300093B7C /* WelcomeVC.swift in Sources */ = {isa = PBXBuildFile; fileRef = DB5F69E325895C3300093B7C /* WelcomeVC.swift */; };
		DB5F69ED25896BA500093B7C /* ButtonExtensions.swift in Sources */ = {isa = PBXBuildFile; fileRef = DB5F69EC25896BA500093B7C /* ButtonExtensions.swift */; };
		DBE237B577D89DCD92F4457A /* Pods_FaceApp.framework in Frameworks */ = {isa = PBXBuildFile; fileRef = 21205EB7BC6AC54A881C5156 /* Pods_FaceApp.framework */; };
		F30946752590A25800C26A05 /* RoutineCell2.swift in Sources */ = {isa = PBXBuildFile; fileRef = F30946742590A25800C26A05 /* RoutineCell2.swift */; };
		F30946952590E62200C26A05 /* HomeVc.swift in Sources */ = {isa = PBXBuildFile; fileRef = F30946942590E62200C26A05 /* HomeVc.swift */; };
		F309469B2590E64700C26A05 /* HomeVCCell.swift in Sources */ = {isa = PBXBuildFile; fileRef = F30946992590E64700C26A05 /* HomeVCCell.swift */; };
		F30946A22590F02700C26A05 /* HomeCollectionReusableView.swift in Sources */ = {isa = PBXBuildFile; fileRef = F30946A02590F02700C26A05 /* HomeCollectionReusableView.swift */; };
		F30946A32590F02700C26A05 /* HomeCollectionReusableView.xib in Resources */ = {isa = PBXBuildFile; fileRef = F30946A12590F02700C26A05 /* HomeCollectionReusableView.xib */; };
		F30C9EE7258B798700233EFB /* CircularProgress.swift in Sources */ = {isa = PBXBuildFile; fileRef = F30C9EE6258B798700233EFB /* CircularProgress.swift */; };
		F30F57182593560700A2D04B /* PaymentWithTrialVC.swift in Sources */ = {isa = PBXBuildFile; fileRef = F30F57172593560700A2D04B /* PaymentWithTrialVC.swift */; };
		F30F571D259364F000A2D04B /* ExerciseVC.swift in Sources */ = {isa = PBXBuildFile; fileRef = F30F571C259364F000A2D04B /* ExerciseVC.swift */; };
		F30F5722259387D200A2D04B /* StepAndBenefitsVC.swift in Sources */ = {isa = PBXBuildFile; fileRef = F30F5721259387D100A2D04B /* StepAndBenefitsVC.swift */; };
		F30F5727259387F700A2D04B /* StepAndBenefitsCell.swift in Sources */ = {isa = PBXBuildFile; fileRef = F30F5726259387F700A2D04B /* StepAndBenefitsCell.swift */; };
		F30F572D2593900600A2D04B /* ExercisePopUp.swift in Sources */ = {isa = PBXBuildFile; fileRef = F30F572B2593900600A2D04B /* ExercisePopUp.swift */; };
		F30F572E2593900600A2D04B /* ExerciseVC.xib in Resources */ = {isa = PBXBuildFile; fileRef = F30F572C2593900600A2D04B /* ExerciseVC.xib */; };
		F31369432591F467004BAE0A /* TabBarVC.swift in Sources */ = {isa = PBXBuildFile; fileRef = F31369422591F467004BAE0A /* TabBarVC.swift */; };
		F31369482591F9BE004BAE0A /* ProgressVC.swift in Sources */ = {isa = PBXBuildFile; fileRef = F31369472591F9BE004BAE0A /* ProgressVC.swift */; };
		F314741C259A06A200327B94 /* StoreKit.framework in Frameworks */ = {isa = PBXBuildFile; fileRef = F314741B259A06A200327B94 /* StoreKit.framework */; };
		F31F245F2594B223001A09B3 /* ExercisePopUpVC.swift in Sources */ = {isa = PBXBuildFile; fileRef = F31F245E2594B223001A09B3 /* ExercisePopUpVC.swift */; };
		F31F24642594C84E001A09B3 /* ProgressPopUpVC.swift in Sources */ = {isa = PBXBuildFile; fileRef = F31F24632594C84E001A09B3 /* ProgressPopUpVC.swift */; };
		F321E57E2595CDD100A0C3DA /* WorkOutVC.swift in Sources */ = {isa = PBXBuildFile; fileRef = F321E57D2595CDD100A0C3DA /* WorkOutVC.swift */; };
		F326D3C425909163009A6BA7 /* RoutineVC.swift in Sources */ = {isa = PBXBuildFile; fileRef = F326D3C325909163009A6BA7 /* RoutineVC.swift */; };
		F326D3CC2590969E009A6BA7 /* RoutineCell.swift in Sources */ = {isa = PBXBuildFile; fileRef = F326D3CB2590969E009A6BA7 /* RoutineCell.swift */; };
		F333AB2F25B0822E00994846 /* UIViewController+Extras.swift in Sources */ = {isa = PBXBuildFile; fileRef = F333AB2E25B0822E00994846 /* UIViewController+Extras.swift */; };
		F34331612591AE7C00F823DB /* HeaderCollectionReusableView.swift in Sources */ = {isa = PBXBuildFile; fileRef = F343315F2591AE7C00F823DB /* HeaderCollectionReusableView.swift */; };
		F34331622591AE7C00F823DB /* HeaderCollectionReusableView.xib in Resources */ = {isa = PBXBuildFile; fileRef = F34331602591AE7C00F823DB /* HeaderCollectionReusableView.xib */; };
		F346267E258A89D5002A72B0 /* ObjectiveVC.swift in Sources */ = {isa = PBXBuildFile; fileRef = F346267D258A89D5002A72B0 /* ObjectiveVC.swift */; };
		F3462683258A8A26002A72B0 /* AgeVC.swift in Sources */ = {isa = PBXBuildFile; fileRef = F3462682258A8A26002A72B0 /* AgeVC.swift */; };
		F3462688258A8A5F002A72B0 /* HowYouEverVC.swift in Sources */ = {isa = PBXBuildFile; fileRef = F3462687258A8A5F002A72B0 /* HowYouEverVC.swift */; };
		F346268D258A8A9D002A72B0 /* ScheduleVC.swift in Sources */ = {isa = PBXBuildFile; fileRef = F346268C258A8A9D002A72B0 /* ScheduleVC.swift */; };
		F3462697258A97B1002A72B0 /* viewExtensions.swift in Sources */ = {isa = PBXBuildFile; fileRef = F3462696258A97B1002A72B0 /* viewExtensions.swift */; };
		F34E9661259300F600A6D11E /* ProgressCell.swift in Sources */ = {isa = PBXBuildFile; fileRef = F34E9660259300F600A6D11E /* ProgressCell.swift */; };
		F34E966A259314AB00A6D11E /* CircularProgressBar.swift in Sources */ = {isa = PBXBuildFile; fileRef = F34E9669259314AB00A6D11E /* CircularProgressBar.swift */; };
		F34E967125931F2200A6D11E /* PopUpVC.swift in Sources */ = {isa = PBXBuildFile; fileRef = F34E966F25931F2200A6D11E /* PopUpVC.swift */; };
		F34E967225931F2200A6D11E /* PopUpVC.xib in Resources */ = {isa = PBXBuildFile; fileRef = F34E967025931F2200A6D11E /* PopUpVC.xib */; };
		F34E967A25932F2700A6D11E /* TakeAPhotoVC.swift in Sources */ = {isa = PBXBuildFile; fileRef = F34E967925932F2700A6D11E /* TakeAPhotoVC.swift */; };
		F35BBD37258B204A001037D9 /* ConsistencyVC.swift in Sources */ = {isa = PBXBuildFile; fileRef = F35BBD36258B204A001037D9 /* ConsistencyVC.swift */; };
		F35BBD44258B31C5001037D9 /* LoadingVC.swift in Sources */ = {isa = PBXBuildFile; fileRef = F35BBD43258B31C5001037D9 /* LoadingVC.swift */; };
		F37028F8258C696E00A91FF3 /* PaymentVC.swift in Sources */ = {isa = PBXBuildFile; fileRef = F37028F7258C696E00A91FF3 /* PaymentVC.swift */; };
		F3801BB625B05C47001006F3 /* ProgressVCCircularProgress.swift in Sources */ = {isa = PBXBuildFile; fileRef = F3801BB525B05C47001006F3 /* ProgressVCCircularProgress.swift */; };
		F3801BF225B071C1001006F3 /* Main2.storyboard in Resources */ = {isa = PBXBuildFile; fileRef = F3801BF125B071C1001006F3 /* Main2.storyboard */; };
		F3801C1425B07B83001006F3 /* ImagePicker.swift in Sources */ = {isa = PBXBuildFile; fileRef = F3801C1325B07B83001006F3 /* ImagePicker.swift */; };
		F3A69CBB258E56E700A3E6D0 /* PauseVC.swift in Sources */ = {isa = PBXBuildFile; fileRef = F3A69CBA258E56E700A3E6D0 /* PauseVC.swift */; };
		F3B3A29625B18D9A004875F3 /* ProgressCell2.swift in Sources */ = {isa = PBXBuildFile; fileRef = F3B3A29525B18D9A004875F3 /* ProgressCell2.swift */; };
		FD02F31425B06E29002D7857 /* Video.storyboard in Resources */ = {isa = PBXBuildFile; fileRef = FD02F31325B06E29002D7857 /* Video.storyboard */; };
		FD8547E625AD884A008BF60F /* GoogleService-Info.plist in Resources */ = {isa = PBXBuildFile; fileRef = FD8547E525AD884A008BF60F /* GoogleService-Info.plist */; };
		FD85481325ADD13D008BF60F /* FirebaseHelper.swift in Sources */ = {isa = PBXBuildFile; fileRef = FD85481225ADD13D008BF60F /* FirebaseHelper.swift */; };
		FD85481C25ADD3EC008BF60F /* VideosModel.swift in Sources */ = {isa = PBXBuildFile; fileRef = FD85481B25ADD3EC008BF60F /* VideosModel.swift */; };
		FD85482425ADD496008BF60F /* Model+ObjectMapping.swift in Sources */ = {isa = PBXBuildFile; fileRef = FD85482325ADD496008BF60F /* Model+ObjectMapping.swift */; };
/* End PBXBuildFile section */

/* Begin PBXContainerItemProxy section */
		DB5F6990258949C000093B7C /* PBXContainerItemProxy */ = {
			isa = PBXContainerItemProxy;
			containerPortal = DB5F6971258949BC00093B7C /* Project object */;
			proxyType = 1;
			remoteGlobalIDString = DB5F6978258949BC00093B7C;
			remoteInfo = FaceApp;
		};
		DB5F699B258949C000093B7C /* PBXContainerItemProxy */ = {
			isa = PBXContainerItemProxy;
			containerPortal = DB5F6971258949BC00093B7C /* Project object */;
			proxyType = 1;
			remoteGlobalIDString = DB5F6978258949BC00093B7C;
			remoteInfo = FaceApp;
		};
/* End PBXContainerItemProxy section */

/* Begin PBXFileReference section */
		2051CABBD3CA864EEB637FEA /* Pods-FaceApp.release.xcconfig */ = {isa = PBXFileReference; includeInIndex = 1; lastKnownFileType = text.xcconfig; name = "Pods-FaceApp.release.xcconfig"; path = "Target Support Files/Pods-FaceApp/Pods-FaceApp.release.xcconfig"; sourceTree = "<group>"; };
		21205EB7BC6AC54A881C5156 /* Pods_FaceApp.framework */ = {isa = PBXFileReference; explicitFileType = wrapper.framework; includeInIndex = 0; path = Pods_FaceApp.framework; sourceTree = BUILT_PRODUCTS_DIR; };
		2D5B4CB45A079A103EFDC7E9 /* Pods-FaceApp-FaceAppUITests.release.xcconfig */ = {isa = PBXFileReference; includeInIndex = 1; lastKnownFileType = text.xcconfig; name = "Pods-FaceApp-FaceAppUITests.release.xcconfig"; path = "Target Support Files/Pods-FaceApp-FaceAppUITests/Pods-FaceApp-FaceAppUITests.release.xcconfig"; sourceTree = "<group>"; };
		5F8B39D4FFBC15D4806C7BF5 /* Pods-FaceAppTests.debug.xcconfig */ = {isa = PBXFileReference; includeInIndex = 1; lastKnownFileType = text.xcconfig; name = "Pods-FaceAppTests.debug.xcconfig"; path = "Target Support Files/Pods-FaceAppTests/Pods-FaceAppTests.debug.xcconfig"; sourceTree = "<group>"; };
		634366EDB575EBCCADE879C6 /* Pods-FaceApp.debug.xcconfig */ = {isa = PBXFileReference; includeInIndex = 1; lastKnownFileType = text.xcconfig; name = "Pods-FaceApp.debug.xcconfig"; path = "Target Support Files/Pods-FaceApp/Pods-FaceApp.debug.xcconfig"; sourceTree = "<group>"; };
		C03402E498C53A5D006B7437 /* Pods_FaceAppTests.framework */ = {isa = PBXFileReference; explicitFileType = wrapper.framework; includeInIndex = 0; path = Pods_FaceAppTests.framework; sourceTree = BUILT_PRODUCTS_DIR; };
		DB3BE52725B2190400D1AA30 /* Routine.swift */ = {isa = PBXFileReference; fileEncoding = 4; lastKnownFileType = sourcecode.swift; path = Routine.swift; sourceTree = "<group>"; };
		DB3BE52825B2190400D1AA30 /* Targeted.swift */ = {isa = PBXFileReference; fileEncoding = 4; lastKnownFileType = sourcecode.swift; path = Targeted.swift; sourceTree = "<group>"; };
		DB3BE53125B2192C00D1AA30 /* Main.storyboard */ = {isa = PBXFileReference; fileEncoding = 4; lastKnownFileType = file.storyboard; path = Main.storyboard; sourceTree = "<group>"; };
		DB45A605259118C000F78EBC /* BaseClass.swift */ = {isa = PBXFileReference; lastKnownFileType = sourcecode.swift; path = BaseClass.swift; sourceTree = "<group>"; };
		DB45A61425911B0B00F78EBC /* CommonMethods.swift */ = {isa = PBXFileReference; lastKnownFileType = sourcecode.swift; path = CommonMethods.swift; sourceTree = "<group>"; };
		DB45A62825912A4900F78EBC /* StringExtensions.swift */ = {isa = PBXFileReference; lastKnownFileType = sourcecode.swift; path = StringExtensions.swift; sourceTree = "<group>"; };
		DB45A63D259147A200F78EBC /* ViewExtension.swift */ = {isa = PBXFileReference; lastKnownFileType = sourcecode.swift; path = ViewExtension.swift; sourceTree = "<group>"; };
		DB5F6979258949BC00093B7C /* FaceApp.app */ = {isa = PBXFileReference; explicitFileType = wrapper.application; includeInIndex = 0; path = FaceApp.app; sourceTree = BUILT_PRODUCTS_DIR; };
		DB5F697E258949BC00093B7C /* SceneDelegate.swift */ = {isa = PBXFileReference; lastKnownFileType = sourcecode.swift; path = SceneDelegate.swift; sourceTree = "<group>"; };
		DB5F6985258949BF00093B7C /* Assets.xcassets */ = {isa = PBXFileReference; lastKnownFileType = folder.assetcatalog; path = Assets.xcassets; sourceTree = "<group>"; };
		DB5F6988258949BF00093B7C /* Base */ = {isa = PBXFileReference; lastKnownFileType = file.storyboard; name = Base; path = Base.lproj/LaunchScreen.storyboard; sourceTree = "<group>"; };
		DB5F698A258949BF00093B7C /* Info.plist */ = {isa = PBXFileReference; lastKnownFileType = text.plist.xml; path = Info.plist; sourceTree = "<group>"; };
		DB5F698F258949C000093B7C /* FaceAppTests.xctest */ = {isa = PBXFileReference; explicitFileType = wrapper.cfbundle; includeInIndex = 0; path = FaceAppTests.xctest; sourceTree = BUILT_PRODUCTS_DIR; };
		DB5F6993258949C000093B7C /* FaceAppTests.swift */ = {isa = PBXFileReference; lastKnownFileType = sourcecode.swift; path = FaceAppTests.swift; sourceTree = "<group>"; };
		DB5F6995258949C000093B7C /* Info.plist */ = {isa = PBXFileReference; lastKnownFileType = text.plist.xml; path = Info.plist; sourceTree = "<group>"; };
		DB5F699A258949C000093B7C /* FaceAppUITests.xctest */ = {isa = PBXFileReference; explicitFileType = wrapper.cfbundle; includeInIndex = 0; path = FaceAppUITests.xctest; sourceTree = BUILT_PRODUCTS_DIR; };
		DB5F699E258949C000093B7C /* FaceAppUITests.swift */ = {isa = PBXFileReference; lastKnownFileType = sourcecode.swift; path = FaceAppUITests.swift; sourceTree = "<group>"; };
		DB5F69A0258949C000093B7C /* Info.plist */ = {isa = PBXFileReference; lastKnownFileType = text.plist.xml; path = Info.plist; sourceTree = "<group>"; };
		DB5F69CD25894BDB00093B7C /* AppDelegate.swift */ = {isa = PBXFileReference; lastKnownFileType = sourcecode.swift; path = AppDelegate.swift; sourceTree = "<group>"; };
		DB5F69DB25895A7800093B7C /* Constants.swift */ = {isa = PBXFileReference; lastKnownFileType = sourcecode.swift; path = Constants.swift; sourceTree = "<group>"; };
		DB5F69E325895C3300093B7C /* WelcomeVC.swift */ = {isa = PBXFileReference; lastKnownFileType = sourcecode.swift; path = WelcomeVC.swift; sourceTree = "<group>"; };
		DB5F69EC25896BA500093B7C /* ButtonExtensions.swift */ = {isa = PBXFileReference; lastKnownFileType = sourcecode.swift; path = ButtonExtensions.swift; sourceTree = "<group>"; };
		E249BB0622F73509AE245A13 /* Pods-FaceAppTests.release.xcconfig */ = {isa = PBXFileReference; includeInIndex = 1; lastKnownFileType = text.xcconfig; name = "Pods-FaceAppTests.release.xcconfig"; path = "Target Support Files/Pods-FaceAppTests/Pods-FaceAppTests.release.xcconfig"; sourceTree = "<group>"; };
		E65B36497367E0E7513FD277 /* Pods-FaceApp-FaceAppUITests.debug.xcconfig */ = {isa = PBXFileReference; includeInIndex = 1; lastKnownFileType = text.xcconfig; name = "Pods-FaceApp-FaceAppUITests.debug.xcconfig"; path = "Target Support Files/Pods-FaceApp-FaceAppUITests/Pods-FaceApp-FaceAppUITests.debug.xcconfig"; sourceTree = "<group>"; };
		E6EF89B20B76A02CC61CFD6A /* Pods_FaceApp_FaceAppUITests.framework */ = {isa = PBXFileReference; explicitFileType = wrapper.framework; includeInIndex = 0; path = Pods_FaceApp_FaceAppUITests.framework; sourceTree = BUILT_PRODUCTS_DIR; };
		F30946742590A25800C26A05 /* RoutineCell2.swift */ = {isa = PBXFileReference; lastKnownFileType = sourcecode.swift; path = RoutineCell2.swift; sourceTree = "<group>"; };
		F30946942590E62200C26A05 /* HomeVc.swift */ = {isa = PBXFileReference; lastKnownFileType = sourcecode.swift; path = HomeVc.swift; sourceTree = "<group>"; };
		F30946992590E64700C26A05 /* HomeVCCell.swift */ = {isa = PBXFileReference; lastKnownFileType = sourcecode.swift; path = HomeVCCell.swift; sourceTree = "<group>"; };
		F30946A02590F02700C26A05 /* HomeCollectionReusableView.swift */ = {isa = PBXFileReference; lastKnownFileType = sourcecode.swift; path = HomeCollectionReusableView.swift; sourceTree = "<group>"; };
		F30946A12590F02700C26A05 /* HomeCollectionReusableView.xib */ = {isa = PBXFileReference; lastKnownFileType = file.xib; path = HomeCollectionReusableView.xib; sourceTree = "<group>"; };
		F30C9EE6258B798700233EFB /* CircularProgress.swift */ = {isa = PBXFileReference; fileEncoding = 4; lastKnownFileType = sourcecode.swift; path = CircularProgress.swift; sourceTree = "<group>"; };
		F30F57172593560700A2D04B /* PaymentWithTrialVC.swift */ = {isa = PBXFileReference; lastKnownFileType = sourcecode.swift; path = PaymentWithTrialVC.swift; sourceTree = "<group>"; };
		F30F571C259364F000A2D04B /* ExerciseVC.swift */ = {isa = PBXFileReference; lastKnownFileType = sourcecode.swift; path = ExerciseVC.swift; sourceTree = "<group>"; };
		F30F5721259387D100A2D04B /* StepAndBenefitsVC.swift */ = {isa = PBXFileReference; lastKnownFileType = sourcecode.swift; path = StepAndBenefitsVC.swift; sourceTree = "<group>"; };
		F30F5726259387F700A2D04B /* StepAndBenefitsCell.swift */ = {isa = PBXFileReference; lastKnownFileType = sourcecode.swift; path = StepAndBenefitsCell.swift; sourceTree = "<group>"; };
		F30F572B2593900600A2D04B /* ExercisePopUp.swift */ = {isa = PBXFileReference; lastKnownFileType = sourcecode.swift; path = ExercisePopUp.swift; sourceTree = "<group>"; };
		F30F572C2593900600A2D04B /* ExerciseVC.xib */ = {isa = PBXFileReference; lastKnownFileType = file.xib; path = ExerciseVC.xib; sourceTree = "<group>"; };
		F31369422591F467004BAE0A /* TabBarVC.swift */ = {isa = PBXFileReference; lastKnownFileType = sourcecode.swift; path = TabBarVC.swift; sourceTree = "<group>"; };
		F31369472591F9BE004BAE0A /* ProgressVC.swift */ = {isa = PBXFileReference; lastKnownFileType = sourcecode.swift; path = ProgressVC.swift; sourceTree = "<group>"; };
		F314741B259A06A200327B94 /* StoreKit.framework */ = {isa = PBXFileReference; lastKnownFileType = wrapper.framework; name = StoreKit.framework; path = System/Library/Frameworks/StoreKit.framework; sourceTree = SDKROOT; };
		F31F245E2594B223001A09B3 /* ExercisePopUpVC.swift */ = {isa = PBXFileReference; lastKnownFileType = sourcecode.swift; path = ExercisePopUpVC.swift; sourceTree = "<group>"; };
		F31F24632594C84E001A09B3 /* ProgressPopUpVC.swift */ = {isa = PBXFileReference; lastKnownFileType = sourcecode.swift; path = ProgressPopUpVC.swift; sourceTree = "<group>"; };
		F321E57D2595CDD100A0C3DA /* WorkOutVC.swift */ = {isa = PBXFileReference; lastKnownFileType = sourcecode.swift; path = WorkOutVC.swift; sourceTree = "<group>"; };
		F326D3C325909163009A6BA7 /* RoutineVC.swift */ = {isa = PBXFileReference; lastKnownFileType = sourcecode.swift; path = RoutineVC.swift; sourceTree = "<group>"; };
		F326D3CB2590969E009A6BA7 /* RoutineCell.swift */ = {isa = PBXFileReference; lastKnownFileType = sourcecode.swift; path = RoutineCell.swift; sourceTree = "<group>"; };
		F333AB2E25B0822E00994846 /* UIViewController+Extras.swift */ = {isa = PBXFileReference; fileEncoding = 4; lastKnownFileType = sourcecode.swift; path = "UIViewController+Extras.swift"; sourceTree = "<group>"; };
		F343315F2591AE7C00F823DB /* HeaderCollectionReusableView.swift */ = {isa = PBXFileReference; lastKnownFileType = sourcecode.swift; path = HeaderCollectionReusableView.swift; sourceTree = "<group>"; };
		F34331602591AE7C00F823DB /* HeaderCollectionReusableView.xib */ = {isa = PBXFileReference; lastKnownFileType = file.xib; path = HeaderCollectionReusableView.xib; sourceTree = "<group>"; };
		F346267D258A89D5002A72B0 /* ObjectiveVC.swift */ = {isa = PBXFileReference; lastKnownFileType = sourcecode.swift; path = ObjectiveVC.swift; sourceTree = "<group>"; };
		F3462682258A8A26002A72B0 /* AgeVC.swift */ = {isa = PBXFileReference; lastKnownFileType = sourcecode.swift; path = AgeVC.swift; sourceTree = "<group>"; };
		F3462687258A8A5F002A72B0 /* HowYouEverVC.swift */ = {isa = PBXFileReference; lastKnownFileType = sourcecode.swift; path = HowYouEverVC.swift; sourceTree = "<group>"; };
		F346268C258A8A9D002A72B0 /* ScheduleVC.swift */ = {isa = PBXFileReference; lastKnownFileType = sourcecode.swift; path = ScheduleVC.swift; sourceTree = "<group>"; };
		F3462696258A97B1002A72B0 /* viewExtensions.swift */ = {isa = PBXFileReference; lastKnownFileType = sourcecode.swift; path = viewExtensions.swift; sourceTree = "<group>"; };
		F34E9660259300F600A6D11E /* ProgressCell.swift */ = {isa = PBXFileReference; lastKnownFileType = sourcecode.swift; path = ProgressCell.swift; sourceTree = "<group>"; };
		F34E9669259314AB00A6D11E /* CircularProgressBar.swift */ = {isa = PBXFileReference; fileEncoding = 4; lastKnownFileType = sourcecode.swift; path = CircularProgressBar.swift; sourceTree = "<group>"; };
		F34E966F25931F2200A6D11E /* PopUpVC.swift */ = {isa = PBXFileReference; lastKnownFileType = sourcecode.swift; path = PopUpVC.swift; sourceTree = "<group>"; };
		F34E967025931F2200A6D11E /* PopUpVC.xib */ = {isa = PBXFileReference; lastKnownFileType = file.xib; path = PopUpVC.xib; sourceTree = "<group>"; };
		F34E967925932F2700A6D11E /* TakeAPhotoVC.swift */ = {isa = PBXFileReference; lastKnownFileType = sourcecode.swift; path = TakeAPhotoVC.swift; sourceTree = "<group>"; };
		F35BBD36258B204A001037D9 /* ConsistencyVC.swift */ = {isa = PBXFileReference; lastKnownFileType = sourcecode.swift; path = ConsistencyVC.swift; sourceTree = "<group>"; };
		F35BBD43258B31C5001037D9 /* LoadingVC.swift */ = {isa = PBXFileReference; lastKnownFileType = sourcecode.swift; path = LoadingVC.swift; sourceTree = "<group>"; };
		F37028F7258C696E00A91FF3 /* PaymentVC.swift */ = {isa = PBXFileReference; lastKnownFileType = sourcecode.swift; path = PaymentVC.swift; sourceTree = "<group>"; };
		F3801BB525B05C47001006F3 /* ProgressVCCircularProgress.swift */ = {isa = PBXFileReference; fileEncoding = 4; lastKnownFileType = sourcecode.swift; path = ProgressVCCircularProgress.swift; sourceTree = "<group>"; };
		F3801BF125B071C1001006F3 /* Main2.storyboard */ = {isa = PBXFileReference; lastKnownFileType = file.storyboard; path = Main2.storyboard; sourceTree = "<group>"; };
		F3801C1325B07B83001006F3 /* ImagePicker.swift */ = {isa = PBXFileReference; fileEncoding = 4; lastKnownFileType = sourcecode.swift; path = ImagePicker.swift; sourceTree = "<group>"; };
		F3A69CBA258E56E700A3E6D0 /* PauseVC.swift */ = {isa = PBXFileReference; lastKnownFileType = sourcecode.swift; path = PauseVC.swift; sourceTree = "<group>"; };
		F3B3A29525B18D9A004875F3 /* ProgressCell2.swift */ = {isa = PBXFileReference; lastKnownFileType = sourcecode.swift; path = ProgressCell2.swift; sourceTree = "<group>"; };
		FD02F31325B06E29002D7857 /* Video.storyboard */ = {isa = PBXFileReference; lastKnownFileType = file.storyboard; path = Video.storyboard; sourceTree = "<group>"; };
		FD8547E525AD884A008BF60F /* GoogleService-Info.plist */ = {isa = PBXFileReference; fileEncoding = 4; lastKnownFileType = text.plist.xml; path = "GoogleService-Info.plist"; sourceTree = "<group>"; };
		FD85481225ADD13D008BF60F /* FirebaseHelper.swift */ = {isa = PBXFileReference; lastKnownFileType = sourcecode.swift; path = FirebaseHelper.swift; sourceTree = "<group>"; };
		FD85481B25ADD3EC008BF60F /* VideosModel.swift */ = {isa = PBXFileReference; lastKnownFileType = sourcecode.swift; path = VideosModel.swift; sourceTree = "<group>"; };
		FD85482325ADD496008BF60F /* Model+ObjectMapping.swift */ = {isa = PBXFileReference; fileEncoding = 4; lastKnownFileType = sourcecode.swift; path = "Model+ObjectMapping.swift"; sourceTree = "<group>"; };
		FD8B264F25A70D4E00DE9196 /* FaceApp.entitlements */ = {isa = PBXFileReference; lastKnownFileType = text.plist.entitlements; path = FaceApp.entitlements; sourceTree = "<group>"; };
/* End PBXFileReference section */

/* Begin PBXFrameworksBuildPhase section */
		DB5F6976258949BC00093B7C /* Frameworks */ = {
			isa = PBXFrameworksBuildPhase;
			buildActionMask = 2147483647;
			files = (
				F314741C259A06A200327B94 /* StoreKit.framework in Frameworks */,
				DBE237B577D89DCD92F4457A /* Pods_FaceApp.framework in Frameworks */,
			);
			runOnlyForDeploymentPostprocessing = 0;
		};
		DB5F698C258949C000093B7C /* Frameworks */ = {
			isa = PBXFrameworksBuildPhase;
			buildActionMask = 2147483647;
			files = (
				05444DF7F511103CEBEDE6D6 /* Pods_FaceAppTests.framework in Frameworks */,
			);
			runOnlyForDeploymentPostprocessing = 0;
		};
		DB5F6997258949C000093B7C /* Frameworks */ = {
			isa = PBXFrameworksBuildPhase;
			buildActionMask = 2147483647;
			files = (
				2F537D1EE29BA590DC8933E4 /* Pods_FaceApp_FaceAppUITests.framework in Frameworks */,
			);
			runOnlyForDeploymentPostprocessing = 0;
		};
/* End PBXFrameworksBuildPhase section */

/* Begin PBXGroup section */
		334309B6995342FC26B03C5A /* Pods */ = {
			isa = PBXGroup;
			children = (
				634366EDB575EBCCADE879C6 /* Pods-FaceApp.debug.xcconfig */,
				2051CABBD3CA864EEB637FEA /* Pods-FaceApp.release.xcconfig */,
				E65B36497367E0E7513FD277 /* Pods-FaceApp-FaceAppUITests.debug.xcconfig */,
				2D5B4CB45A079A103EFDC7E9 /* Pods-FaceApp-FaceAppUITests.release.xcconfig */,
				5F8B39D4FFBC15D4806C7BF5 /* Pods-FaceAppTests.debug.xcconfig */,
				E249BB0622F73509AE245A13 /* Pods-FaceAppTests.release.xcconfig */,
			);
			path = Pods;
			sourceTree = "<group>";
		};
		C9DF14F2F2F2F62E745AAAFA /* Frameworks */ = {
			isa = PBXGroup;
			children = (
				F314741B259A06A200327B94 /* StoreKit.framework */,
				21205EB7BC6AC54A881C5156 /* Pods_FaceApp.framework */,
				E6EF89B20B76A02CC61CFD6A /* Pods_FaceApp_FaceAppUITests.framework */,
				C03402E498C53A5D006B7437 /* Pods_FaceAppTests.framework */,
			);
			name = Frameworks;
			sourceTree = "<group>";
		};
		DB45A604259118B300F78EBC /* BaseClass */ = {
			isa = PBXGroup;
			children = (
				DB45A605259118C000F78EBC /* BaseClass.swift */,
			);
			path = BaseClass;
			sourceTree = "<group>";
		};
		DB45A61325911AFB00F78EBC /* CommonMethod */ = {
			isa = PBXGroup;
			children = (
				DB45A61425911B0B00F78EBC /* CommonMethods.swift */,
			);
			path = CommonMethod;
			sourceTree = "<group>";
		};
		DB45A63C2591479100F78EBC /* ViewExtension */ = {
			isa = PBXGroup;
			children = (
				DB45A63D259147A200F78EBC /* ViewExtension.swift */,
			);
			path = ViewExtension;
			sourceTree = "<group>";
		};
		DB5F6970258949BC00093B7C = {
			isa = PBXGroup;
			children = (
				FD8547E525AD884A008BF60F /* GoogleService-Info.plist */,
				DB5F697B258949BC00093B7C /* FaceApp */,
				DB5F6992258949C000093B7C /* FaceAppTests */,
				DB5F699D258949C000093B7C /* FaceAppUITests */,
				DB5F697A258949BC00093B7C /* Products */,
				334309B6995342FC26B03C5A /* Pods */,
				C9DF14F2F2F2F62E745AAAFA /* Frameworks */,
			);
			sourceTree = "<group>";
		};
		DB5F697A258949BC00093B7C /* Products */ = {
			isa = PBXGroup;
			children = (
				DB5F6979258949BC00093B7C /* FaceApp.app */,
				DB5F698F258949C000093B7C /* FaceAppTests.xctest */,
				DB5F699A258949C000093B7C /* FaceAppUITests.xctest */,
			);
			name = Products;
			sourceTree = "<group>";
		};
		DB5F697B258949BC00093B7C /* FaceApp */ = {
			isa = PBXGroup;
			children = (
				FD8B264F25A70D4E00DE9196 /* FaceApp.entitlements */,
				F34E966E25931E3F00A6D11E /* XIB */,
				F3078E24258CD9480040A4BE /* Cell */,
				DB5F69D925895A5B00093B7C /* Utilities */,
				DB5F69AF258949E600093B7C /* AppDelegate */,
				DB5F69B0258949F300093B7C /* SceneDelegate */,
				DB5F69D825895A1C00093B7C /* Controller */,
				DB5F69B325894A2F00093B7C /* View */,
				FD85481A25ADD3DA008BF60F /* Model */,
				DB5F69D225894C5400093B7C /* Resources */,
				DB5F698A258949BF00093B7C /* Info.plist */,
			);
			path = FaceApp;
			sourceTree = "<group>";
		};
		DB5F6992258949C000093B7C /* FaceAppTests */ = {
			isa = PBXGroup;
			children = (
				DB5F6993258949C000093B7C /* FaceAppTests.swift */,
				DB5F6995258949C000093B7C /* Info.plist */,
			);
			path = FaceAppTests;
			sourceTree = "<group>";
		};
		DB5F699D258949C000093B7C /* FaceAppUITests */ = {
			isa = PBXGroup;
			children = (
				DB5F699E258949C000093B7C /* FaceAppUITests.swift */,
				DB5F69A0258949C000093B7C /* Info.plist */,
			);
			path = FaceAppUITests;
			sourceTree = "<group>";
		};
		DB5F69AF258949E600093B7C /* AppDelegate */ = {
			isa = PBXGroup;
			children = (
				DB5F69CD25894BDB00093B7C /* AppDelegate.swift */,
			);
			path = AppDelegate;
			sourceTree = "<group>";
		};
		DB5F69B0258949F300093B7C /* SceneDelegate */ = {
			isa = PBXGroup;
			children = (
				DB5F697E258949BC00093B7C /* SceneDelegate.swift */,
			);
			path = SceneDelegate;
			sourceTree = "<group>";
		};
		DB5F69B325894A2F00093B7C /* View */ = {
			isa = PBXGroup;
			children = (
				DB5F69D325894C6A00093B7C /* Main */,
				DB5F69D425894C7200093B7C /* LaunchScreen */,
			);
			path = View;
			sourceTree = "<group>";
		};
		DB5F69D225894C5400093B7C /* Resources */ = {
			isa = PBXGroup;
			children = (
				DB5F6985258949BF00093B7C /* Assets.xcassets */,
			);
			path = Resources;
			sourceTree = "<group>";
		};
		DB5F69D325894C6A00093B7C /* Main */ = {
			isa = PBXGroup;
			children = (
				F3801BF125B071C1001006F3 /* Main2.storyboard */,
				DB3BE53125B2192C00D1AA30 /* Main.storyboard */,
				FD02F31325B06E29002D7857 /* Video.storyboard */,
			);
			path = Main;
			sourceTree = "<group>";
		};
		DB5F69D425894C7200093B7C /* LaunchScreen */ = {
			isa = PBXGroup;
			children = (
				DB5F6987258949BF00093B7C /* LaunchScreen.storyboard */,
			);
			path = LaunchScreen;
			sourceTree = "<group>";
		};
		DB5F69D825895A1C00093B7C /* Controller */ = {
			isa = PBXGroup;
			children = (
				DB5F69E325895C3300093B7C /* WelcomeVC.swift */,
				F346267D258A89D5002A72B0 /* ObjectiveVC.swift */,
				F3462682258A8A26002A72B0 /* AgeVC.swift */,
				F3462687258A8A5F002A72B0 /* HowYouEverVC.swift */,
				F346268C258A8A9D002A72B0 /* ScheduleVC.swift */,
				F35BBD36258B204A001037D9 /* ConsistencyVC.swift */,
				F30C9EE6258B798700233EFB /* CircularProgress.swift */,
				F35BBD43258B31C5001037D9 /* LoadingVC.swift */,
				F37028F7258C696E00A91FF3 /* PaymentVC.swift */,
				F3A69CBA258E56E700A3E6D0 /* PauseVC.swift */,
				F3801BB525B05C47001006F3 /* ProgressVCCircularProgress.swift */,
				F326D3C325909163009A6BA7 /* RoutineVC.swift */,
				F30946942590E62200C26A05 /* HomeVc.swift */,
				F31369422591F467004BAE0A /* TabBarVC.swift */,
				F31369472591F9BE004BAE0A /* ProgressVC.swift */,
				F34E9669259314AB00A6D11E /* CircularProgressBar.swift */,
				F34E966F25931F2200A6D11E /* PopUpVC.swift */,
				F34E967925932F2700A6D11E /* TakeAPhotoVC.swift */,
				F30F57172593560700A2D04B /* PaymentWithTrialVC.swift */,
				F30F571C259364F000A2D04B /* ExerciseVC.swift */,
				F30F5721259387D100A2D04B /* StepAndBenefitsVC.swift */,
				F31F245E2594B223001A09B3 /* ExercisePopUpVC.swift */,
				F31F24632594C84E001A09B3 /* ProgressPopUpVC.swift */,
				F321E57D2595CDD100A0C3DA /* WorkOutVC.swift */,
			);
			path = Controller;
			sourceTree = "<group>";
		};
		DB5F69D925895A5B00093B7C /* Utilities */ = {
			isa = PBXGroup;
			children = (
				F3801C1825B07B92001006F3 /* ImagePicker */,
				FD85482825ADD498008BF60F /* Object Model Mapping */,
				FD85481125ADD12B008BF60F /* FirebaseHelper */,
				DB45A63C2591479100F78EBC /* ViewExtension */,
				DB45A61325911AFB00F78EBC /* CommonMethod */,
				DB45A604259118B300F78EBC /* BaseClass */,
				DB5F69EB25896B9000093B7C /* Extensions */,
				DB5F69DA25895A6D00093B7C /* Constants */,
			);
			path = Utilities;
			sourceTree = "<group>";
		};
		DB5F69DA25895A6D00093B7C /* Constants */ = {
			isa = PBXGroup;
			children = (
				DB5F69DB25895A7800093B7C /* Constants.swift */,
			);
			path = Constants;
			sourceTree = "<group>";
		};
		DB5F69EB25896B9000093B7C /* Extensions */ = {
			isa = PBXGroup;
			children = (
				DB5F69EC25896BA500093B7C /* ButtonExtensions.swift */,
				F3462696258A97B1002A72B0 /* viewExtensions.swift */,
				DB45A62825912A4900F78EBC /* StringExtensions.swift */,
			);
			path = Extensions;
			sourceTree = "<group>";
		};
		F3078E24258CD9480040A4BE /* Cell */ = {
			isa = PBXGroup;
			children = (
				F326D3CB2590969E009A6BA7 /* RoutineCell.swift */,
				F30946742590A25800C26A05 /* RoutineCell2.swift */,
				F30946992590E64700C26A05 /* HomeVCCell.swift */,
				F30946A02590F02700C26A05 /* HomeCollectionReusableView.swift */,
				F343315F2591AE7C00F823DB /* HeaderCollectionReusableView.swift */,
				F34E9660259300F600A6D11E /* ProgressCell.swift */,
				F30F5726259387F700A2D04B /* StepAndBenefitsCell.swift */,
				F3B3A29525B18D9A004875F3 /* ProgressCell2.swift */,
			);
			path = Cell;
			sourceTree = "<group>";
		};
		F34E966E25931E3F00A6D11E /* XIB */ = {
			isa = PBXGroup;
			children = (
				F30946A12590F02700C26A05 /* HomeCollectionReusableView.xib */,
				F34331602591AE7C00F823DB /* HeaderCollectionReusableView.xib */,
				F34E967025931F2200A6D11E /* PopUpVC.xib */,
				F30F572B2593900600A2D04B /* ExercisePopUp.swift */,
				F30F572C2593900600A2D04B /* ExerciseVC.xib */,
			);
			path = XIB;
			sourceTree = "<group>";
		};
		F3801C1825B07B92001006F3 /* ImagePicker */ = {
			isa = PBXGroup;
			children = (
				F333AB2E25B0822E00994846 /* UIViewController+Extras.swift */,
				F3801C1325B07B83001006F3 /* ImagePicker.swift */,
			);
			path = ImagePicker;
			sourceTree = "<group>";
		};
		FD85481125ADD12B008BF60F /* FirebaseHelper */ = {
			isa = PBXGroup;
			children = (
				FD85481225ADD13D008BF60F /* FirebaseHelper.swift */,
			);
			path = FirebaseHelper;
			sourceTree = "<group>";
		};
		FD85481A25ADD3DA008BF60F /* Model */ = {
			isa = PBXGroup;
			children = (
				DB3BE52725B2190400D1AA30 /* Routine.swift */,
				DB3BE52825B2190400D1AA30 /* Targeted.swift */,
				FD85481B25ADD3EC008BF60F /* VideosModel.swift */,
			);
			path = Model;
			sourceTree = "<group>";
		};
		FD85482825ADD498008BF60F /* Object Model Mapping */ = {
			isa = PBXGroup;
			children = (
				FD85482325ADD496008BF60F /* Model+ObjectMapping.swift */,
			);
			path = "Object Model Mapping";
			sourceTree = "<group>";
		};
/* End PBXGroup section */

/* Begin PBXNativeTarget section */
		DB5F6978258949BC00093B7C /* FaceApp */ = {
			isa = PBXNativeTarget;
			buildConfigurationList = DB5F69A3258949C000093B7C /* Build configuration list for PBXNativeTarget "FaceApp" */;
			buildPhases = (
				0DA4CD9F388BDB791E1F8539 /* [CP] Check Pods Manifest.lock */,
				DB5F6975258949BC00093B7C /* Sources */,
				DB5F6976258949BC00093B7C /* Frameworks */,
				DB5F6977258949BC00093B7C /* Resources */,
				632AA77D412CDA42D82F3183 /* [CP] Embed Pods Frameworks */,
				26FB57172DCBC452F982CB72 /* [CP] Copy Pods Resources */,
			);
			buildRules = (
			);
			dependencies = (
			);
			name = FaceApp;
			productName = FaceApp;
			productReference = DB5F6979258949BC00093B7C /* FaceApp.app */;
			productType = "com.apple.product-type.application";
		};
		DB5F698E258949C000093B7C /* FaceAppTests */ = {
			isa = PBXNativeTarget;
			buildConfigurationList = DB5F69A6258949C000093B7C /* Build configuration list for PBXNativeTarget "FaceAppTests" */;
			buildPhases = (
				B9C8540DF24EA64DED173981 /* [CP] Check Pods Manifest.lock */,
				DB5F698B258949C000093B7C /* Sources */,
				DB5F698C258949C000093B7C /* Frameworks */,
				DB5F698D258949C000093B7C /* Resources */,
			);
			buildRules = (
			);
			dependencies = (
				DB5F6991258949C000093B7C /* PBXTargetDependency */,
			);
			name = FaceAppTests;
			productName = FaceAppTests;
			productReference = DB5F698F258949C000093B7C /* FaceAppTests.xctest */;
			productType = "com.apple.product-type.bundle.unit-test";
		};
		DB5F6999258949C000093B7C /* FaceAppUITests */ = {
			isa = PBXNativeTarget;
			buildConfigurationList = DB5F69A9258949C000093B7C /* Build configuration list for PBXNativeTarget "FaceAppUITests" */;
			buildPhases = (
				2ACBACC6EB5584CDC438B4A6 /* [CP] Check Pods Manifest.lock */,
				DB5F6996258949C000093B7C /* Sources */,
				DB5F6997258949C000093B7C /* Frameworks */,
				DB5F6998258949C000093B7C /* Resources */,
				A32B378EF52A63C97E47E504 /* [CP] Embed Pods Frameworks */,
				71426D0D81A79BDE657B0A5F /* [CP] Copy Pods Resources */,
			);
			buildRules = (
			);
			dependencies = (
				DB5F699C258949C000093B7C /* PBXTargetDependency */,
			);
			name = FaceAppUITests;
			productName = FaceAppUITests;
			productReference = DB5F699A258949C000093B7C /* FaceAppUITests.xctest */;
			productType = "com.apple.product-type.bundle.ui-testing";
		};
/* End PBXNativeTarget section */

/* Begin PBXProject section */
		DB5F6971258949BC00093B7C /* Project object */ = {
			isa = PBXProject;
			attributes = {
				LastSwiftUpdateCheck = 1210;
				LastUpgradeCheck = 1210;
				TargetAttributes = {
					DB5F6978258949BC00093B7C = {
						CreatedOnToolsVersion = 12.1;
					};
					DB5F698E258949C000093B7C = {
						CreatedOnToolsVersion = 12.1;
						TestTargetID = DB5F6978258949BC00093B7C;
					};
					DB5F6999258949C000093B7C = {
						CreatedOnToolsVersion = 12.1;
						TestTargetID = DB5F6978258949BC00093B7C;
					};
				};
			};
			buildConfigurationList = DB5F6974258949BC00093B7C /* Build configuration list for PBXProject "FaceApp" */;
			compatibilityVersion = "Xcode 9.3";
			developmentRegion = en;
			hasScannedForEncodings = 0;
			knownRegions = (
				en,
				Base,
			);
			mainGroup = DB5F6970258949BC00093B7C;
			productRefGroup = DB5F697A258949BC00093B7C /* Products */;
			projectDirPath = "";
			projectRoot = "";
			targets = (
				DB5F6978258949BC00093B7C /* FaceApp */,
				DB5F698E258949C000093B7C /* FaceAppTests */,
				DB5F6999258949C000093B7C /* FaceAppUITests */,
			);
		};
/* End PBXProject section */

/* Begin PBXResourcesBuildPhase section */
		DB5F6977258949BC00093B7C /* Resources */ = {
			isa = PBXResourcesBuildPhase;
			buildActionMask = 2147483647;
			files = (
				DB5F6989258949BF00093B7C /* LaunchScreen.storyboard in Resources */,
				DB3BE53225B2192C00D1AA30 /* Main.storyboard in Resources */,
				F34E967225931F2200A6D11E /* PopUpVC.xib in Resources */,
				F34331622591AE7C00F823DB /* HeaderCollectionReusableView.xib in Resources */,
				DB5F6986258949BF00093B7C /* Assets.xcassets in Resources */,
				F30F572E2593900600A2D04B /* ExerciseVC.xib in Resources */,
				F30946A32590F02700C26A05 /* HomeCollectionReusableView.xib in Resources */,
				F3801BF225B071C1001006F3 /* Main2.storyboard in Resources */,
				FD8547E625AD884A008BF60F /* GoogleService-Info.plist in Resources */,
				FD02F31425B06E29002D7857 /* Video.storyboard in Resources */,
			);
			runOnlyForDeploymentPostprocessing = 0;
		};
		DB5F698D258949C000093B7C /* Resources */ = {
			isa = PBXResourcesBuildPhase;
			buildActionMask = 2147483647;
			files = (
			);
			runOnlyForDeploymentPostprocessing = 0;
		};
		DB5F6998258949C000093B7C /* Resources */ = {
			isa = PBXResourcesBuildPhase;
			buildActionMask = 2147483647;
			files = (
			);
			runOnlyForDeploymentPostprocessing = 0;
		};
/* End PBXResourcesBuildPhase section */

/* Begin PBXShellScriptBuildPhase section */
		0DA4CD9F388BDB791E1F8539 /* [CP] Check Pods Manifest.lock */ = {
			isa = PBXShellScriptBuildPhase;
			buildActionMask = 2147483647;
			files = (
			);
			inputFileListPaths = (
			);
			inputPaths = (
				"${PODS_PODFILE_DIR_PATH}/Podfile.lock",
				"${PODS_ROOT}/Manifest.lock",
			);
			name = "[CP] Check Pods Manifest.lock";
			outputFileListPaths = (
			);
			outputPaths = (
				"$(DERIVED_FILE_DIR)/Pods-FaceApp-checkManifestLockResult.txt",
			);
			runOnlyForDeploymentPostprocessing = 0;
			shellPath = /bin/sh;
			shellScript = "diff \"${PODS_PODFILE_DIR_PATH}/Podfile.lock\" \"${PODS_ROOT}/Manifest.lock\" > /dev/null\nif [ $? != 0 ] ; then\n    # print error to STDERR\n    echo \"error: The sandbox is not in sync with the Podfile.lock. Run 'pod install' or update your CocoaPods installation.\" >&2\n    exit 1\nfi\n# This output is used by Xcode 'outputs' to avoid re-running this script phase.\necho \"SUCCESS\" > \"${SCRIPT_OUTPUT_FILE_0}\"\n";
			showEnvVarsInLog = 0;
		};
		26FB57172DCBC452F982CB72 /* [CP] Copy Pods Resources */ = {
			isa = PBXShellScriptBuildPhase;
			buildActionMask = 2147483647;
			files = (
			);
			inputFileListPaths = (
				"${PODS_ROOT}/Target Support Files/Pods-FaceApp/Pods-FaceApp-resources-${CONFIGURATION}-input-files.xcfilelist",
			);
			name = "[CP] Copy Pods Resources";
			outputFileListPaths = (
				"${PODS_ROOT}/Target Support Files/Pods-FaceApp/Pods-FaceApp-resources-${CONFIGURATION}-output-files.xcfilelist",
			);
			runOnlyForDeploymentPostprocessing = 0;
			shellPath = /bin/sh;
			shellScript = "\"${PODS_ROOT}/Target Support Files/Pods-FaceApp/Pods-FaceApp-resources.sh\"\n";
			showEnvVarsInLog = 0;
		};
		2ACBACC6EB5584CDC438B4A6 /* [CP] Check Pods Manifest.lock */ = {
			isa = PBXShellScriptBuildPhase;
			buildActionMask = 2147483647;
			files = (
			);
			inputFileListPaths = (
			);
			inputPaths = (
				"${PODS_PODFILE_DIR_PATH}/Podfile.lock",
				"${PODS_ROOT}/Manifest.lock",
			);
			name = "[CP] Check Pods Manifest.lock";
			outputFileListPaths = (
			);
			outputPaths = (
				"$(DERIVED_FILE_DIR)/Pods-FaceApp-FaceAppUITests-checkManifestLockResult.txt",
			);
			runOnlyForDeploymentPostprocessing = 0;
			shellPath = /bin/sh;
			shellScript = "diff \"${PODS_PODFILE_DIR_PATH}/Podfile.lock\" \"${PODS_ROOT}/Manifest.lock\" > /dev/null\nif [ $? != 0 ] ; then\n    # print error to STDERR\n    echo \"error: The sandbox is not in sync with the Podfile.lock. Run 'pod install' or update your CocoaPods installation.\" >&2\n    exit 1\nfi\n# This output is used by Xcode 'outputs' to avoid re-running this script phase.\necho \"SUCCESS\" > \"${SCRIPT_OUTPUT_FILE_0}\"\n";
			showEnvVarsInLog = 0;
		};
		632AA77D412CDA42D82F3183 /* [CP] Embed Pods Frameworks */ = {
			isa = PBXShellScriptBuildPhase;
			buildActionMask = 2147483647;
			files = (
			);
			inputFileListPaths = (
				"${PODS_ROOT}/Target Support Files/Pods-FaceApp/Pods-FaceApp-frameworks-${CONFIGURATION}-input-files.xcfilelist",
			);
			name = "[CP] Embed Pods Frameworks";
			outputFileListPaths = (
				"${PODS_ROOT}/Target Support Files/Pods-FaceApp/Pods-FaceApp-frameworks-${CONFIGURATION}-output-files.xcfilelist",
			);
			runOnlyForDeploymentPostprocessing = 0;
			shellPath = /bin/sh;
			shellScript = "\"${PODS_ROOT}/Target Support Files/Pods-FaceApp/Pods-FaceApp-frameworks.sh\"\n";
			showEnvVarsInLog = 0;
		};
		71426D0D81A79BDE657B0A5F /* [CP] Copy Pods Resources */ = {
			isa = PBXShellScriptBuildPhase;
			buildActionMask = 2147483647;
			files = (
			);
			inputFileListPaths = (
				"${PODS_ROOT}/Target Support Files/Pods-FaceApp-FaceAppUITests/Pods-FaceApp-FaceAppUITests-resources-${CONFIGURATION}-input-files.xcfilelist",
			);
			name = "[CP] Copy Pods Resources";
			outputFileListPaths = (
				"${PODS_ROOT}/Target Support Files/Pods-FaceApp-FaceAppUITests/Pods-FaceApp-FaceAppUITests-resources-${CONFIGURATION}-output-files.xcfilelist",
			);
			runOnlyForDeploymentPostprocessing = 0;
			shellPath = /bin/sh;
			shellScript = "\"${PODS_ROOT}/Target Support Files/Pods-FaceApp-FaceAppUITests/Pods-FaceApp-FaceAppUITests-resources.sh\"\n";
			showEnvVarsInLog = 0;
		};
		A32B378EF52A63C97E47E504 /* [CP] Embed Pods Frameworks */ = {
			isa = PBXShellScriptBuildPhase;
			buildActionMask = 2147483647;
			files = (
			);
			inputFileListPaths = (
				"${PODS_ROOT}/Target Support Files/Pods-FaceApp-FaceAppUITests/Pods-FaceApp-FaceAppUITests-frameworks-${CONFIGURATION}-input-files.xcfilelist",
			);
			name = "[CP] Embed Pods Frameworks";
			outputFileListPaths = (
				"${PODS_ROOT}/Target Support Files/Pods-FaceApp-FaceAppUITests/Pods-FaceApp-FaceAppUITests-frameworks-${CONFIGURATION}-output-files.xcfilelist",
			);
			runOnlyForDeploymentPostprocessing = 0;
			shellPath = /bin/sh;
			shellScript = "\"${PODS_ROOT}/Target Support Files/Pods-FaceApp-FaceAppUITests/Pods-FaceApp-FaceAppUITests-frameworks.sh\"\n";
			showEnvVarsInLog = 0;
		};
		B9C8540DF24EA64DED173981 /* [CP] Check Pods Manifest.lock */ = {
			isa = PBXShellScriptBuildPhase;
			buildActionMask = 2147483647;
			files = (
			);
			inputFileListPaths = (
			);
			inputPaths = (
				"${PODS_PODFILE_DIR_PATH}/Podfile.lock",
				"${PODS_ROOT}/Manifest.lock",
			);
			name = "[CP] Check Pods Manifest.lock";
			outputFileListPaths = (
			);
			outputPaths = (
				"$(DERIVED_FILE_DIR)/Pods-FaceAppTests-checkManifestLockResult.txt",
			);
			runOnlyForDeploymentPostprocessing = 0;
			shellPath = /bin/sh;
			shellScript = "diff \"${PODS_PODFILE_DIR_PATH}/Podfile.lock\" \"${PODS_ROOT}/Manifest.lock\" > /dev/null\nif [ $? != 0 ] ; then\n    # print error to STDERR\n    echo \"error: The sandbox is not in sync with the Podfile.lock. Run 'pod install' or update your CocoaPods installation.\" >&2\n    exit 1\nfi\n# This output is used by Xcode 'outputs' to avoid re-running this script phase.\necho \"SUCCESS\" > \"${SCRIPT_OUTPUT_FILE_0}\"\n";
			showEnvVarsInLog = 0;
		};
/* End PBXShellScriptBuildPhase section */

/* Begin PBXSourcesBuildPhase section */
		DB5F6975258949BC00093B7C /* Sources */ = {
			isa = PBXSourcesBuildPhase;
			buildActionMask = 2147483647;
			files = (
				DB45A62925912A4900F78EBC /* StringExtensions.swift in Sources */,
				F30C9EE7258B798700233EFB /* CircularProgress.swift in Sources */,
				F309469B2590E64700C26A05 /* HomeVCCell.swift in Sources */,
				DB5F69CE25894BDB00093B7C /* AppDelegate.swift in Sources */,
				DB45A63E259147A200F78EBC /* ViewExtension.swift in Sources */,
				F30F5722259387D200A2D04B /* StepAndBenefitsVC.swift in Sources */,
				F34E9661259300F600A6D11E /* ProgressCell.swift in Sources */,
				F31369482591F9BE004BAE0A /* ProgressVC.swift in Sources */,
				F326D3CC2590969E009A6BA7 /* RoutineCell.swift in Sources */,
				F30946A22590F02700C26A05 /* HomeCollectionReusableView.swift in Sources */,
				F3801BB625B05C47001006F3 /* ProgressVCCircularProgress.swift in Sources */,
				F3462683258A8A26002A72B0 /* AgeVC.swift in Sources */,
				F3801C1425B07B83001006F3 /* ImagePicker.swift in Sources */,
				DB5F697F258949BC00093B7C /* SceneDelegate.swift in Sources */,
				DB3BE52925B2190400D1AA30 /* Routine.swift in Sources */,
				F3462688258A8A5F002A72B0 /* HowYouEverVC.swift in Sources */,
				F31F245F2594B223001A09B3 /* ExercisePopUpVC.swift in Sources */,
				F37028F8258C696E00A91FF3 /* PaymentVC.swift in Sources */,
				F346267E258A89D5002A72B0 /* ObjectiveVC.swift in Sources */,
				F3A69CBB258E56E700A3E6D0 /* PauseVC.swift in Sources */,
				F333AB2F25B0822E00994846 /* UIViewController+Extras.swift in Sources */,
				FD85481C25ADD3EC008BF60F /* VideosModel.swift in Sources */,
				F30F572D2593900600A2D04B /* ExercisePopUp.swift in Sources */,
				DB45A606259118C000F78EBC /* BaseClass.swift in Sources */,
				F35BBD44258B31C5001037D9 /* LoadingVC.swift in Sources */,
				F326D3C425909163009A6BA7 /* RoutineVC.swift in Sources */,
				F346268D258A8A9D002A72B0 /* ScheduleVC.swift in Sources */,
				F35BBD37258B204A001037D9 /* ConsistencyVC.swift in Sources */,
				DB3BE52A25B2190400D1AA30 /* Targeted.swift in Sources */,
				F34331612591AE7C00F823DB /* HeaderCollectionReusableView.swift in Sources */,
				F30F57182593560700A2D04B /* PaymentWithTrialVC.swift in Sources */,
				FD85482425ADD496008BF60F /* Model+ObjectMapping.swift in Sources */,
				F30F571D259364F000A2D04B /* ExerciseVC.swift in Sources */,
				F30946752590A25800C26A05 /* RoutineCell2.swift in Sources */,
				FD85481325ADD13D008BF60F /* FirebaseHelper.swift in Sources */,
				F34E967A25932F2700A6D11E /* TakeAPhotoVC.swift in Sources */,
				DB5F69DC25895A7800093B7C /* Constants.swift in Sources */,
				F30F5727259387F700A2D04B /* StepAndBenefitsCell.swift in Sources */,
				DB5F69E425895C3300093B7C /* WelcomeVC.swift in Sources */,
				F31F24642594C84E001A09B3 /* ProgressPopUpVC.swift in Sources */,
				F321E57E2595CDD100A0C3DA /* WorkOutVC.swift in Sources */,
				F31369432591F467004BAE0A /* TabBarVC.swift in Sources */,
				F34E967125931F2200A6D11E /* PopUpVC.swift in Sources */,
				F3462697258A97B1002A72B0 /* viewExtensions.swift in Sources */,
				F30946952590E62200C26A05 /* HomeVc.swift in Sources */,
				F3B3A29625B18D9A004875F3 /* ProgressCell2.swift in Sources */,
				DB5F69ED25896BA500093B7C /* ButtonExtensions.swift in Sources */,
				DB45A61525911B0B00F78EBC /* CommonMethods.swift in Sources */,
				F34E966A259314AB00A6D11E /* CircularProgressBar.swift in Sources */,
			);
			runOnlyForDeploymentPostprocessing = 0;
		};
		DB5F698B258949C000093B7C /* Sources */ = {
			isa = PBXSourcesBuildPhase;
			buildActionMask = 2147483647;
			files = (
				DB5F6994258949C000093B7C /* FaceAppTests.swift in Sources */,
			);
			runOnlyForDeploymentPostprocessing = 0;
		};
		DB5F6996258949C000093B7C /* Sources */ = {
			isa = PBXSourcesBuildPhase;
			buildActionMask = 2147483647;
			files = (
				DB5F699F258949C000093B7C /* FaceAppUITests.swift in Sources */,
			);
			runOnlyForDeploymentPostprocessing = 0;
		};
/* End PBXSourcesBuildPhase section */

/* Begin PBXTargetDependency section */
		DB5F6991258949C000093B7C /* PBXTargetDependency */ = {
			isa = PBXTargetDependency;
			target = DB5F6978258949BC00093B7C /* FaceApp */;
			targetProxy = DB5F6990258949C000093B7C /* PBXContainerItemProxy */;
		};
		DB5F699C258949C000093B7C /* PBXTargetDependency */ = {
			isa = PBXTargetDependency;
			target = DB5F6978258949BC00093B7C /* FaceApp */;
			targetProxy = DB5F699B258949C000093B7C /* PBXContainerItemProxy */;
		};
/* End PBXTargetDependency section */

/* Begin PBXVariantGroup section */
		DB5F6987258949BF00093B7C /* LaunchScreen.storyboard */ = {
			isa = PBXVariantGroup;
			children = (
				DB5F6988258949BF00093B7C /* Base */,
			);
			name = LaunchScreen.storyboard;
			sourceTree = "<group>";
		};
/* End PBXVariantGroup section */

/* Begin XCBuildConfiguration section */
		DB5F69A1258949C000093B7C /* Debug */ = {
			isa = XCBuildConfiguration;
			buildSettings = {
				ALWAYS_SEARCH_USER_PATHS = NO;
				CLANG_ANALYZER_NONNULL = YES;
				CLANG_ANALYZER_NUMBER_OBJECT_CONVERSION = YES_AGGRESSIVE;
				CLANG_CXX_LANGUAGE_STANDARD = "gnu++14";
				CLANG_CXX_LIBRARY = "libc++";
				CLANG_ENABLE_MODULES = YES;
				CLANG_ENABLE_OBJC_ARC = YES;
				CLANG_ENABLE_OBJC_WEAK = YES;
				CLANG_WARN_BLOCK_CAPTURE_AUTORELEASING = YES;
				CLANG_WARN_BOOL_CONVERSION = YES;
				CLANG_WARN_COMMA = YES;
				CLANG_WARN_CONSTANT_CONVERSION = YES;
				CLANG_WARN_DEPRECATED_OBJC_IMPLEMENTATIONS = YES;
				CLANG_WARN_DIRECT_OBJC_ISA_USAGE = YES_ERROR;
				CLANG_WARN_DOCUMENTATION_COMMENTS = YES;
				CLANG_WARN_EMPTY_BODY = YES;
				CLANG_WARN_ENUM_CONVERSION = YES;
				CLANG_WARN_INFINITE_RECURSION = YES;
				CLANG_WARN_INT_CONVERSION = YES;
				CLANG_WARN_NON_LITERAL_NULL_CONVERSION = YES;
				CLANG_WARN_OBJC_IMPLICIT_RETAIN_SELF = YES;
				CLANG_WARN_OBJC_LITERAL_CONVERSION = YES;
				CLANG_WARN_OBJC_ROOT_CLASS = YES_ERROR;
				CLANG_WARN_QUOTED_INCLUDE_IN_FRAMEWORK_HEADER = YES;
				CLANG_WARN_RANGE_LOOP_ANALYSIS = YES;
				CLANG_WARN_STRICT_PROTOTYPES = YES;
				CLANG_WARN_SUSPICIOUS_MOVE = YES;
				CLANG_WARN_UNGUARDED_AVAILABILITY = YES_AGGRESSIVE;
				CLANG_WARN_UNREACHABLE_CODE = YES;
				CLANG_WARN__DUPLICATE_METHOD_MATCH = YES;
				COPY_PHASE_STRIP = NO;
				DEBUG_INFORMATION_FORMAT = dwarf;
				ENABLE_STRICT_OBJC_MSGSEND = YES;
				ENABLE_TESTABILITY = YES;
				GCC_C_LANGUAGE_STANDARD = gnu11;
				GCC_DYNAMIC_NO_PIC = NO;
				GCC_NO_COMMON_BLOCKS = YES;
				GCC_OPTIMIZATION_LEVEL = 0;
				GCC_PREPROCESSOR_DEFINITIONS = (
					"DEBUG=1",
					"$(inherited)",
				);
				GCC_WARN_64_TO_32_BIT_CONVERSION = YES;
				GCC_WARN_ABOUT_RETURN_TYPE = YES_ERROR;
				GCC_WARN_UNDECLARED_SELECTOR = YES;
				GCC_WARN_UNINITIALIZED_AUTOS = YES_AGGRESSIVE;
				GCC_WARN_UNUSED_FUNCTION = YES;
				GCC_WARN_UNUSED_VARIABLE = YES;
				IPHONEOS_DEPLOYMENT_TARGET = 14.1;
				MTL_ENABLE_DEBUG_INFO = INCLUDE_SOURCE;
				MTL_FAST_MATH = YES;
				ONLY_ACTIVE_ARCH = YES;
				SDKROOT = iphoneos;
				SWIFT_ACTIVE_COMPILATION_CONDITIONS = DEBUG;
				SWIFT_OPTIMIZATION_LEVEL = "-Onone";
			};
			name = Debug;
		};
		DB5F69A2258949C000093B7C /* Release */ = {
			isa = XCBuildConfiguration;
			buildSettings = {
				ALWAYS_SEARCH_USER_PATHS = NO;
				CLANG_ANALYZER_NONNULL = YES;
				CLANG_ANALYZER_NUMBER_OBJECT_CONVERSION = YES_AGGRESSIVE;
				CLANG_CXX_LANGUAGE_STANDARD = "gnu++14";
				CLANG_CXX_LIBRARY = "libc++";
				CLANG_ENABLE_MODULES = YES;
				CLANG_ENABLE_OBJC_ARC = YES;
				CLANG_ENABLE_OBJC_WEAK = YES;
				CLANG_WARN_BLOCK_CAPTURE_AUTORELEASING = YES;
				CLANG_WARN_BOOL_CONVERSION = YES;
				CLANG_WARN_COMMA = YES;
				CLANG_WARN_CONSTANT_CONVERSION = YES;
				CLANG_WARN_DEPRECATED_OBJC_IMPLEMENTATIONS = YES;
				CLANG_WARN_DIRECT_OBJC_ISA_USAGE = YES_ERROR;
				CLANG_WARN_DOCUMENTATION_COMMENTS = YES;
				CLANG_WARN_EMPTY_BODY = YES;
				CLANG_WARN_ENUM_CONVERSION = YES;
				CLANG_WARN_INFINITE_RECURSION = YES;
				CLANG_WARN_INT_CONVERSION = YES;
				CLANG_WARN_NON_LITERAL_NULL_CONVERSION = YES;
				CLANG_WARN_OBJC_IMPLICIT_RETAIN_SELF = YES;
				CLANG_WARN_OBJC_LITERAL_CONVERSION = YES;
				CLANG_WARN_OBJC_ROOT_CLASS = YES_ERROR;
				CLANG_WARN_QUOTED_INCLUDE_IN_FRAMEWORK_HEADER = YES;
				CLANG_WARN_RANGE_LOOP_ANALYSIS = YES;
				CLANG_WARN_STRICT_PROTOTYPES = YES;
				CLANG_WARN_SUSPICIOUS_MOVE = YES;
				CLANG_WARN_UNGUARDED_AVAILABILITY = YES_AGGRESSIVE;
				CLANG_WARN_UNREACHABLE_CODE = YES;
				CLANG_WARN__DUPLICATE_METHOD_MATCH = YES;
				COPY_PHASE_STRIP = NO;
				DEBUG_INFORMATION_FORMAT = "dwarf-with-dsym";
				ENABLE_NS_ASSERTIONS = NO;
				ENABLE_STRICT_OBJC_MSGSEND = YES;
				GCC_C_LANGUAGE_STANDARD = gnu11;
				GCC_NO_COMMON_BLOCKS = YES;
				GCC_WARN_64_TO_32_BIT_CONVERSION = YES;
				GCC_WARN_ABOUT_RETURN_TYPE = YES_ERROR;
				GCC_WARN_UNDECLARED_SELECTOR = YES;
				GCC_WARN_UNINITIALIZED_AUTOS = YES_AGGRESSIVE;
				GCC_WARN_UNUSED_FUNCTION = YES;
				GCC_WARN_UNUSED_VARIABLE = YES;
				IPHONEOS_DEPLOYMENT_TARGET = 14.1;
				MTL_ENABLE_DEBUG_INFO = NO;
				MTL_FAST_MATH = YES;
				SDKROOT = iphoneos;
				SWIFT_COMPILATION_MODE = wholemodule;
				SWIFT_OPTIMIZATION_LEVEL = "-O";
				VALIDATE_PRODUCT = YES;
			};
			name = Release;
		};
		DB5F69A4258949C000093B7C /* Debug */ = {
			isa = XCBuildConfiguration;
			baseConfigurationReference = 634366EDB575EBCCADE879C6 /* Pods-FaceApp.debug.xcconfig */;
			buildSettings = {
				ASSETCATALOG_COMPILER_APPICON_NAME = AppIcon;
				ASSETCATALOG_COMPILER_GLOBAL_ACCENT_COLOR_NAME = AccentColor;
				CODE_SIGN_ENTITLEMENTS = FaceApp/FaceApp.entitlements;
				CODE_SIGN_IDENTITY = "iPhone Developer";
				CODE_SIGN_STYLE = Manual;
				DEVELOPMENT_TEAM = R32NH4G5PD;
				INFOPLIST_FILE = FaceApp/Info.plist;
				IPHONEOS_DEPLOYMENT_TARGET = 13.6;
				LD_RUNPATH_SEARCH_PATHS = (
					"$(inherited)",
					"@executable_path/Frameworks",
				);
				PRODUCT_BUNDLE_IDENTIFIER = "com.team.penguin.alpha-face";
				PRODUCT_NAME = "$(TARGET_NAME)";
				PROVISIONING_PROFILE_SPECIFIER = FaceApp;
				SWIFT_VERSION = 5.0;
				TARGETED_DEVICE_FAMILY = "1,2";
			};
			name = Debug;
		};
		DB5F69A5258949C000093B7C /* Release */ = {
			isa = XCBuildConfiguration;
			baseConfigurationReference = 2051CABBD3CA864EEB637FEA /* Pods-FaceApp.release.xcconfig */;
			buildSettings = {
				ASSETCATALOG_COMPILER_APPICON_NAME = AppIcon;
				ASSETCATALOG_COMPILER_GLOBAL_ACCENT_COLOR_NAME = AccentColor;
				CODE_SIGN_ENTITLEMENTS = FaceApp/FaceApp.entitlements;
				CODE_SIGN_IDENTITY = "iPhone Developer";
				CODE_SIGN_STYLE = Manual;
				DEVELOPMENT_TEAM = R32NH4G5PD;
				INFOPLIST_FILE = FaceApp/Info.plist;
				IPHONEOS_DEPLOYMENT_TARGET = 13.6;
				LD_RUNPATH_SEARCH_PATHS = (
					"$(inherited)",
					"@executable_path/Frameworks",
				);
				PRODUCT_BUNDLE_IDENTIFIER = "com.team.penguin.alpha-face";
				PRODUCT_NAME = "$(TARGET_NAME)";
				PROVISIONING_PROFILE_SPECIFIER = FaceApp;
				SWIFT_VERSION = 5.0;
				TARGETED_DEVICE_FAMILY = "1,2";
			};
			name = Release;
		};
		DB5F69A7258949C000093B7C /* Debug */ = {
			isa = XCBuildConfiguration;
			baseConfigurationReference = 5F8B39D4FFBC15D4806C7BF5 /* Pods-FaceAppTests.debug.xcconfig */;
			buildSettings = {
				ALWAYS_EMBED_SWIFT_STANDARD_LIBRARIES = YES;
				BUNDLE_LOADER = "$(TEST_HOST)";
				CODE_SIGN_STYLE = Automatic;
				DEVELOPMENT_TEAM = U3NSVYKN56;
				INFOPLIST_FILE = FaceAppTests/Info.plist;
				IPHONEOS_DEPLOYMENT_TARGET = 14.1;
				LD_RUNPATH_SEARCH_PATHS = (
					"$(inherited)",
					"@executable_path/Frameworks",
					"@loader_path/Frameworks",
				);
				PRODUCT_BUNDLE_IDENTIFIER = "Pragmatech-Infosoft.FaceAppTests";
				PRODUCT_NAME = "$(TARGET_NAME)";
				SWIFT_VERSION = 5.0;
				TARGETED_DEVICE_FAMILY = "1,2";
				TEST_HOST = "$(BUILT_PRODUCTS_DIR)/FaceApp.app/FaceApp";
			};
			name = Debug;
		};
		DB5F69A8258949C000093B7C /* Release */ = {
			isa = XCBuildConfiguration;
			baseConfigurationReference = E249BB0622F73509AE245A13 /* Pods-FaceAppTests.release.xcconfig */;
			buildSettings = {
				ALWAYS_EMBED_SWIFT_STANDARD_LIBRARIES = YES;
				BUNDLE_LOADER = "$(TEST_HOST)";
				CODE_SIGN_STYLE = Automatic;
				DEVELOPMENT_TEAM = U3NSVYKN56;
				INFOPLIST_FILE = FaceAppTests/Info.plist;
				IPHONEOS_DEPLOYMENT_TARGET = 14.1;
				LD_RUNPATH_SEARCH_PATHS = (
					"$(inherited)",
					"@executable_path/Frameworks",
					"@loader_path/Frameworks",
				);
				PRODUCT_BUNDLE_IDENTIFIER = "Pragmatech-Infosoft.FaceAppTests";
				PRODUCT_NAME = "$(TARGET_NAME)";
				SWIFT_VERSION = 5.0;
				TARGETED_DEVICE_FAMILY = "1,2";
				TEST_HOST = "$(BUILT_PRODUCTS_DIR)/FaceApp.app/FaceApp";
			};
			name = Release;
		};
		DB5F69AA258949C000093B7C /* Debug */ = {
			isa = XCBuildConfiguration;
			baseConfigurationReference = E65B36497367E0E7513FD277 /* Pods-FaceApp-FaceAppUITests.debug.xcconfig */;
			buildSettings = {
				ALWAYS_EMBED_SWIFT_STANDARD_LIBRARIES = YES;
				CODE_SIGN_STYLE = Automatic;
				DEVELOPMENT_TEAM = U3NSVYKN56;
				INFOPLIST_FILE = FaceAppUITests/Info.plist;
				LD_RUNPATH_SEARCH_PATHS = (
					"$(inherited)",
					"@executable_path/Frameworks",
					"@loader_path/Frameworks",
				);
				PRODUCT_BUNDLE_IDENTIFIER = "Pragmatech-Infosoft.FaceAppUITests";
				PRODUCT_NAME = "$(TARGET_NAME)";
				SWIFT_VERSION = 5.0;
				TARGETED_DEVICE_FAMILY = "1,2";
				TEST_TARGET_NAME = FaceApp;
			};
			name = Debug;
		};
		DB5F69AB258949C000093B7C /* Release */ = {
			isa = XCBuildConfiguration;
			baseConfigurationReference = 2D5B4CB45A079A103EFDC7E9 /* Pods-FaceApp-FaceAppUITests.release.xcconfig */;
			buildSettings = {
				ALWAYS_EMBED_SWIFT_STANDARD_LIBRARIES = YES;
				CODE_SIGN_STYLE = Automatic;
				DEVELOPMENT_TEAM = U3NSVYKN56;
				INFOPLIST_FILE = FaceAppUITests/Info.plist;
				LD_RUNPATH_SEARCH_PATHS = (
					"$(inherited)",
					"@executable_path/Frameworks",
					"@loader_path/Frameworks",
				);
				PRODUCT_BUNDLE_IDENTIFIER = "Pragmatech-Infosoft.FaceAppUITests";
				PRODUCT_NAME = "$(TARGET_NAME)";
				SWIFT_VERSION = 5.0;
				TARGETED_DEVICE_FAMILY = "1,2";
				TEST_TARGET_NAME = FaceApp;
			};
			name = Release;
		};
/* End XCBuildConfiguration section */

/* Begin XCConfigurationList section */
		DB5F6974258949BC00093B7C /* Build configuration list for PBXProject "FaceApp" */ = {
			isa = XCConfigurationList;
			buildConfigurations = (
				DB5F69A1258949C000093B7C /* Debug */,
				DB5F69A2258949C000093B7C /* Release */,
			);
			defaultConfigurationIsVisible = 0;
			defaultConfigurationName = Release;
		};
		DB5F69A3258949C000093B7C /* Build configuration list for PBXNativeTarget "FaceApp" */ = {
			isa = XCConfigurationList;
			buildConfigurations = (
				DB5F69A4258949C000093B7C /* Debug */,
				DB5F69A5258949C000093B7C /* Release */,
			);
			defaultConfigurationIsVisible = 0;
			defaultConfigurationName = Release;
		};
		DB5F69A6258949C000093B7C /* Build configuration list for PBXNativeTarget "FaceAppTests" */ = {
			isa = XCConfigurationList;
			buildConfigurations = (
				DB5F69A7258949C000093B7C /* Debug */,
				DB5F69A8258949C000093B7C /* Release */,
			);
			defaultConfigurationIsVisible = 0;
			defaultConfigurationName = Release;
		};
		DB5F69A9258949C000093B7C /* Build configuration list for PBXNativeTarget "FaceAppUITests" */ = {
			isa = XCConfigurationList;
			buildConfigurations = (
				DB5F69AA258949C000093B7C /* Debug */,
				DB5F69AB258949C000093B7C /* Release */,
			);
			defaultConfigurationIsVisible = 0;
			defaultConfigurationName = Release;
		};
/* End XCConfigurationList section */
	};
	rootObject = DB5F6971258949BC00093B7C /* Project object */;
}
